// !$*UTF8*$!
{
	archiveVersion = 1;
	classes = {
	};
	objectVersion = 46;
	objects = {

/* Begin PBXBuildFile section */
		D4ACA5C118DD188A00EBD899 /* InfoPlist.strings in Resources */ = {isa = PBXBuildFile; fileRef = D4ACA5BF18DD188A00EBD899 /* InfoPlist.strings */; };
		D4ACA5E118DD19A400EBD899 /* Hammer.h in Headers */ = {isa = PBXBuildFile; fileRef = D4ACA5C318DD188A00EBD899 /* Hammer.h */; settings = {ATTRIBUTES = (Public, ); }; };
		D4ACA5F218DD19FE00EBD899 /* Lagrangian.framework in Frameworks */ = {isa = PBXBuildFile; fileRef = D4ACA5F118DD19FE00EBD899 /* Lagrangian.framework */; settings = {ATTRIBUTES = (Weak, ); }; };
		D4ACA5F518DD22F800EBD899 /* HMRParser.h in Headers */ = {isa = PBXBuildFile; fileRef = D4ACA5F318DD22F800EBD899 /* HMRParser.h */; settings = {ATTRIBUTES = (Public, ); }; };
		D4ACA5F918DD258E00EBD899 /* HMRNullParser.h in Headers */ = {isa = PBXBuildFile; fileRef = D4ACA5F718DD258E00EBD899 /* HMRNullParser.h */; };
		D4ACA5FA18DD258E00EBD899 /* HMRNullParser.m in Sources */ = {isa = PBXBuildFile; fileRef = D4ACA5F818DD258E00EBD899 /* HMRNullParser.m */; };
		D4ACA5FC18DD31E800EBD899 /* HMRParser+Protected.h in Headers */ = {isa = PBXBuildFile; fileRef = D4ACA5FB18DD31E800EBD899 /* HMRParser+Protected.h */; };
		D4ACA5FE18DD32CB00EBD899 /* HMROnce.h in Headers */ = {isa = PBXBuildFile; fileRef = D4ACA5FD18DD32CB00EBD899 /* HMROnce.h */; };
		D4ACA5FF18DD33DC00EBD899 /* HMRParser.m in Sources */ = {isa = PBXBuildFile; fileRef = D4ACA5F418DD22F800EBD899 /* HMRParser.m */; };
		D4ACA60218DD34C400EBD899 /* HMREmptyParser.h in Headers */ = {isa = PBXBuildFile; fileRef = D4ACA60018DD34C400EBD899 /* HMREmptyParser.h */; };
		D4ACA60318DD34C400EBD899 /* HMREmptyParser.m in Sources */ = {isa = PBXBuildFile; fileRef = D4ACA60118DD34C400EBD899 /* HMREmptyParser.m */; };
		D4ACA60618DD359C00EBD899 /* HMRElementParser.h in Headers */ = {isa = PBXBuildFile; fileRef = D4ACA60418DD359C00EBD899 /* HMRElementParser.h */; };
		D4ACA60718DD359C00EBD899 /* HMRElementParser.m in Sources */ = {isa = PBXBuildFile; fileRef = D4ACA60518DD359C00EBD899 /* HMRElementParser.m */; };
		D4ACA60A18DD368400EBD899 /* HMRNullReductionParser.h in Headers */ = {isa = PBXBuildFile; fileRef = D4ACA60818DD368400EBD899 /* HMRNullReductionParser.h */; };
		D4ACA60B18DD368400EBD899 /* HMRNullReductionParser.m in Sources */ = {isa = PBXBuildFile; fileRef = D4ACA60918DD368400EBD899 /* HMRNullReductionParser.m */; };
		D4ACA60E18DD389A00EBD899 /* HMRNullabilityParser.h in Headers */ = {isa = PBXBuildFile; fileRef = D4ACA60C18DD389A00EBD899 /* HMRNullabilityParser.h */; };
		D4ACA60F18DD389A00EBD899 /* HMRNullabilityParser.m in Sources */ = {isa = PBXBuildFile; fileRef = D4ACA60D18DD389A00EBD899 /* HMRNullabilityParser.m */; };
/* End PBXBuildFile section */

/* Begin PBXContainerItemProxy section */
		D4ACA5CE18DD188A00EBD899 /* PBXContainerItemProxy */ = {
			isa = PBXContainerItemProxy;
			containerPortal = D4ACA5AA18DD188A00EBD899 /* Project object */;
			proxyType = 1;
			remoteGlobalIDString = D4ACA5B218DD188A00EBD899;
			remoteInfo = Hammer;
		};
/* End PBXContainerItemProxy section */

/* Begin PBXFileReference section */
		D4ACA5B318DD188A00EBD899 /* Hammer.framework */ = {isa = PBXFileReference; explicitFileType = wrapper.framework; includeInIndex = 0; path = Hammer.framework; sourceTree = BUILT_PRODUCTS_DIR; };
		D4ACA5B918DD188A00EBD899 /* Foundation.framework */ = {isa = PBXFileReference; lastKnownFileType = wrapper.framework; name = Foundation.framework; path = System/Library/Frameworks/Foundation.framework; sourceTree = SDKROOT; };
		D4ACA5BE18DD188A00EBD899 /* Hammer-Info.plist */ = {isa = PBXFileReference; lastKnownFileType = text.plist.xml; path = "Hammer-Info.plist"; sourceTree = "<group>"; };
		D4ACA5C018DD188A00EBD899 /* en */ = {isa = PBXFileReference; lastKnownFileType = text.plist.strings; name = en; path = en.lproj/InfoPlist.strings; sourceTree = "<group>"; };
		D4ACA5C218DD188A00EBD899 /* Hammer.pch */ = {isa = PBXFileReference; lastKnownFileType = sourcecode.c.h; path = Hammer.pch; sourceTree = "<group>"; };
		D4ACA5C318DD188A00EBD899 /* Hammer.h */ = {isa = PBXFileReference; lastKnownFileType = sourcecode.c.h; path = Hammer.h; sourceTree = "<group>"; };
		D4ACA5CA18DD188A00EBD899 /* HammerTests.xctest */ = {isa = PBXFileReference; explicitFileType = wrapper.cfbundle; includeInIndex = 0; path = HammerTests.xctest; sourceTree = BUILT_PRODUCTS_DIR; };
		D4ACA5CB18DD188A00EBD899 /* XCTest.framework */ = {isa = PBXFileReference; lastKnownFileType = wrapper.framework; name = XCTest.framework; path = Library/Frameworks/XCTest.framework; sourceTree = DEVELOPER_DIR; };
		D4ACA5F118DD19FE00EBD899 /* Lagrangian.framework */ = {isa = PBXFileReference; lastKnownFileType = wrapper.framework; name = Lagrangian.framework; path = External/Lagrangian/build/Debug/Lagrangian.framework; sourceTree = "<group>"; };
		D4ACA5F318DD22F800EBD899 /* HMRParser.h */ = {isa = PBXFileReference; fileEncoding = 4; lastKnownFileType = sourcecode.c.h; path = HMRParser.h; sourceTree = "<group>"; };
		D4ACA5F418DD22F800EBD899 /* HMRParser.m */ = {isa = PBXFileReference; fileEncoding = 4; lastKnownFileType = sourcecode.c.objc; path = HMRParser.m; sourceTree = "<group>"; };
		D4ACA5F718DD258E00EBD899 /* HMRNullParser.h */ = {isa = PBXFileReference; fileEncoding = 4; lastKnownFileType = sourcecode.c.h; path = HMRNullParser.h; sourceTree = "<group>"; };
		D4ACA5F818DD258E00EBD899 /* HMRNullParser.m */ = {isa = PBXFileReference; fileEncoding = 4; lastKnownFileType = sourcecode.c.objc; path = HMRNullParser.m; sourceTree = "<group>"; };
		D4ACA5FB18DD31E800EBD899 /* HMRParser+Protected.h */ = {isa = PBXFileReference; fileEncoding = 4; lastKnownFileType = sourcecode.c.h; path = "HMRParser+Protected.h"; sourceTree = "<group>"; };
		D4ACA5FD18DD32CB00EBD899 /* HMROnce.h */ = {isa = PBXFileReference; fileEncoding = 4; lastKnownFileType = sourcecode.c.h; path = HMROnce.h; sourceTree = "<group>"; };
		D4ACA60018DD34C400EBD899 /* HMREmptyParser.h */ = {isa = PBXFileReference; fileEncoding = 4; lastKnownFileType = sourcecode.c.h; path = HMREmptyParser.h; sourceTree = "<group>"; };
		D4ACA60118DD34C400EBD899 /* HMREmptyParser.m */ = {isa = PBXFileReference; fileEncoding = 4; lastKnownFileType = sourcecode.c.objc; path = HMREmptyParser.m; sourceTree = "<group>"; };
		D4ACA60418DD359C00EBD899 /* HMRElementParser.h */ = {isa = PBXFileReference; fileEncoding = 4; lastKnownFileType = sourcecode.c.h; path = HMRElementParser.h; sourceTree = "<group>"; };
		D4ACA60518DD359C00EBD899 /* HMRElementParser.m */ = {isa = PBXFileReference; fileEncoding = 4; lastKnownFileType = sourcecode.c.objc; path = HMRElementParser.m; sourceTree = "<group>"; };
		D4ACA60818DD368400EBD899 /* HMRNullReductionParser.h */ = {isa = PBXFileReference; fileEncoding = 4; lastKnownFileType = sourcecode.c.h; path = HMRNullReductionParser.h; sourceTree = "<group>"; };
		D4ACA60918DD368400EBD899 /* HMRNullReductionParser.m */ = {isa = PBXFileReference; fileEncoding = 4; lastKnownFileType = sourcecode.c.objc; path = HMRNullReductionParser.m; sourceTree = "<group>"; };
		D4ACA60C18DD389A00EBD899 /* HMRNullabilityParser.h */ = {isa = PBXFileReference; fileEncoding = 4; lastKnownFileType = sourcecode.c.h; path = HMRNullabilityParser.h; sourceTree = "<group>"; };
		D4ACA60D18DD389A00EBD899 /* HMRNullabilityParser.m */ = {isa = PBXFileReference; fileEncoding = 4; lastKnownFileType = sourcecode.c.objc; path = HMRNullabilityParser.m; sourceTree = "<group>"; };
/* End PBXFileReference section */

/* Begin PBXFrameworksBuildPhase section */
		D4ACA5AF18DD188A00EBD899 /* Frameworks */ = {
			isa = PBXFrameworksBuildPhase;
			buildActionMask = 2147483647;
			files = (
				D4ACA5F218DD19FE00EBD899 /* Lagrangian.framework in Frameworks */,
			);
			runOnlyForDeploymentPostprocessing = 0;
		};
/* End PBXFrameworksBuildPhase section */

/* Begin PBXGroup section */
		D4ACA5A918DD188A00EBD899 = {
			isa = PBXGroup;
			children = (
				D4ACA5BC18DD188A00EBD899 /* Hammer */,
				D4ACA5B518DD188A00EBD899 /* Frameworks */,
				D4ACA5B418DD188A00EBD899 /* Products */,
			);
			sourceTree = "<group>";
		};
		D4ACA5B418DD188A00EBD899 /* Products */ = {
			isa = PBXGroup;
			children = (
				D4ACA5B318DD188A00EBD899 /* Hammer.framework */,
				D4ACA5CA18DD188A00EBD899 /* HammerTests.xctest */,
			);
			name = Products;
			sourceTree = "<group>";
		};
		D4ACA5B518DD188A00EBD899 /* Frameworks */ = {
			isa = PBXGroup;
			children = (
				D4ACA5F118DD19FE00EBD899 /* Lagrangian.framework */,
				D4ACA5B918DD188A00EBD899 /* Foundation.framework */,
				D4ACA5CB18DD188A00EBD899 /* XCTest.framework */,
			);
			name = Frameworks;
			sourceTree = "<group>";
		};
		D4ACA5BC18DD188A00EBD899 /* Hammer */ = {
			isa = PBXGroup;
			children = (
				D4ACA5C318DD188A00EBD899 /* Hammer.h */,
				D4ACA5F318DD22F800EBD899 /* HMRParser.h */,
				D4ACA5FB18DD31E800EBD899 /* HMRParser+Protected.h */,
				D4ACA5F418DD22F800EBD899 /* HMRParser.m */,
				D4ACA60018DD34C400EBD899 /* HMREmptyParser.h */,
				D4ACA60118DD34C400EBD899 /* HMREmptyParser.m */,
				D4ACA5F718DD258E00EBD899 /* HMRNullParser.h */,
				D4ACA5F818DD258E00EBD899 /* HMRNullParser.m */,
				D4ACA60C18DD389A00EBD899 /* HMRNullabilityParser.h */,
				D4ACA60D18DD389A00EBD899 /* HMRNullabilityParser.m */,
				D4ACA60818DD368400EBD899 /* HMRNullReductionParser.h */,
				D4ACA60918DD368400EBD899 /* HMRNullReductionParser.m */,
				D4ACA60418DD359C00EBD899 /* HMRElementParser.h */,
				D4ACA60518DD359C00EBD899 /* HMRElementParser.m */,
				D4ACA5BD18DD188A00EBD899 /* Supporting Files */,
			);
			path = Hammer;
			sourceTree = "<group>";
		};
		D4ACA5BD18DD188A00EBD899 /* Supporting Files */ = {
			isa = PBXGroup;
			children = (
				D4ACA5BE18DD188A00EBD899 /* Hammer-Info.plist */,
				D4ACA5BF18DD188A00EBD899 /* InfoPlist.strings */,
				D4ACA5C218DD188A00EBD899 /* Hammer.pch */,
				D4ACA5FD18DD32CB00EBD899 /* HMROnce.h */,
			);
			name = "Supporting Files";
			sourceTree = "<group>";
		};
/* End PBXGroup section */

/* Begin PBXHeadersBuildPhase section */
		D4ACA5B018DD188A00EBD899 /* Headers */ = {
			isa = PBXHeadersBuildPhase;
			buildActionMask = 2147483647;
			files = (
				D4ACA5FE18DD32CB00EBD899 /* HMROnce.h in Headers */,
				D4ACA5FC18DD31E800EBD899 /* HMRParser+Protected.h in Headers */,
				D4ACA60A18DD368400EBD899 /* HMRNullReductionParser.h in Headers */,
				D4ACA5E118DD19A400EBD899 /* Hammer.h in Headers */,
				D4ACA5F518DD22F800EBD899 /* HMRParser.h in Headers */,
				D4ACA5F918DD258E00EBD899 /* HMRNullParser.h in Headers */,
				D4ACA60618DD359C00EBD899 /* HMRElementParser.h in Headers */,
				D4ACA60E18DD389A00EBD899 /* HMRNullabilityParser.h in Headers */,
				D4ACA60218DD34C400EBD899 /* HMREmptyParser.h in Headers */,
			);
			runOnlyForDeploymentPostprocessing = 0;
		};
/* End PBXHeadersBuildPhase section */

/* Begin PBXNativeTarget section */
		D4ACA5B218DD188A00EBD899 /* Hammer */ = {
			isa = PBXNativeTarget;
			buildConfigurationList = D4ACA5DB18DD188A00EBD899 /* Build configuration list for PBXNativeTarget "Hammer" */;
			buildPhases = (
				D4ACA5AE18DD188A00EBD899 /* Sources */,
				D4ACA5AF18DD188A00EBD899 /* Frameworks */,
				D4ACA5B018DD188A00EBD899 /* Headers */,
				D4ACA5B118DD188A00EBD899 /* Resources */,
			);
			buildRules = (
			);
			dependencies = (
			);
			name = Hammer;
			productName = Hammer;
			productReference = D4ACA5B318DD188A00EBD899 /* Hammer.framework */;
			productType = "com.apple.product-type.framework";
		};
		D4ACA5C918DD188A00EBD899 /* HammerTests */ = {
			isa = PBXNativeTarget;
			buildConfigurationList = D4ACA5DE18DD188A00EBD899 /* Build configuration list for PBXNativeTarget "HammerTests" */;
			buildPhases = (
			);
			buildRules = (
			);
			dependencies = (
				D4ACA5CF18DD188A00EBD899 /* PBXTargetDependency */,
			);
			name = HammerTests;
			productName = HammerTests;
			productReference = D4ACA5CA18DD188A00EBD899 /* HammerTests.xctest */;
			productType = "com.apple.product-type.bundle.unit-test";
		};
/* End PBXNativeTarget section */

/* Begin PBXProject section */
		D4ACA5AA18DD188A00EBD899 /* Project object */ = {
			isa = PBXProject;
			attributes = {
				CLASSPREFIX = HMR;
				LastUpgradeCheck = 0510;
				ORGANIZATIONNAME = "Rob Rix";
				TargetAttributes = {
					D4ACA5C918DD188A00EBD899 = {
						TestTargetID = D4ACA5B218DD188A00EBD899;
					};
				};
			};
			buildConfigurationList = D4ACA5AD18DD188A00EBD899 /* Build configuration list for PBXProject "Hammer" */;
			compatibilityVersion = "Xcode 3.2";
			developmentRegion = English;
			hasScannedForEncodings = 0;
			knownRegions = (
				en,
			);
			mainGroup = D4ACA5A918DD188A00EBD899;
			productRefGroup = D4ACA5B418DD188A00EBD899 /* Products */;
			projectDirPath = "";
			projectRoot = "";
			targets = (
				D4ACA5B218DD188A00EBD899 /* Hammer */,
				D4ACA5C918DD188A00EBD899 /* HammerTests */,
			);
		};
/* End PBXProject section */

/* Begin PBXResourcesBuildPhase section */
		D4ACA5B118DD188A00EBD899 /* Resources */ = {
			isa = PBXResourcesBuildPhase;
			buildActionMask = 2147483647;
			files = (
				D4ACA5C118DD188A00EBD899 /* InfoPlist.strings in Resources */,
			);
			runOnlyForDeploymentPostprocessing = 0;
		};
/* End PBXResourcesBuildPhase section */

/* Begin PBXSourcesBuildPhase section */
		D4ACA5AE18DD188A00EBD899 /* Sources */ = {
			isa = PBXSourcesBuildPhase;
			buildActionMask = 2147483647;
			files = (
				D4ACA60318DD34C400EBD899 /* HMREmptyParser.m in Sources */,
				D4ACA60B18DD368400EBD899 /* HMRNullReductionParser.m in Sources */,
				D4ACA60F18DD389A00EBD899 /* HMRNullabilityParser.m in Sources */,
				D4ACA5FF18DD33DC00EBD899 /* HMRParser.m in Sources */,
				D4ACA5FA18DD258E00EBD899 /* HMRNullParser.m in Sources */,
				D4ACA60718DD359C00EBD899 /* HMRElementParser.m in Sources */,
			);
			runOnlyForDeploymentPostprocessing = 0;
		};
/* End PBXSourcesBuildPhase section */

/* Begin PBXTargetDependency section */
		D4ACA5CF18DD188A00EBD899 /* PBXTargetDependency */ = {
			isa = PBXTargetDependency;
			target = D4ACA5B218DD188A00EBD899 /* Hammer */;
			targetProxy = D4ACA5CE18DD188A00EBD899 /* PBXContainerItemProxy */;
		};
/* End PBXTargetDependency section */

/* Begin PBXVariantGroup section */
		D4ACA5BF18DD188A00EBD899 /* InfoPlist.strings */ = {
			isa = PBXVariantGroup;
			children = (
				D4ACA5C018DD188A00EBD899 /* en */,
			);
			name = InfoPlist.strings;
			sourceTree = "<group>";
		};
/* End PBXVariantGroup section */

/* Begin XCBuildConfiguration section */
		D4ACA5D918DD188A00EBD899 /* Debug */ = {
			isa = XCBuildConfiguration;
			buildSettings = {
				ALWAYS_SEARCH_USER_PATHS = NO;
				CLANG_CXX_LANGUAGE_STANDARD = "gnu++0x";
				CLANG_CXX_LIBRARY = "libc++";
				CLANG_ENABLE_MODULES = YES;
				CLANG_ENABLE_OBJC_ARC = YES;
				CLANG_WARN_BOOL_CONVERSION = YES;
				CLANG_WARN_CONSTANT_CONVERSION = YES;
				CLANG_WARN_DIRECT_OBJC_ISA_USAGE = YES_ERROR;
				CLANG_WARN_EMPTY_BODY = YES;
				CLANG_WARN_ENUM_CONVERSION = YES;
				CLANG_WARN_INT_CONVERSION = YES;
				CLANG_WARN_OBJC_ROOT_CLASS = YES_ERROR;
				CLANG_WARN__DUPLICATE_METHOD_MATCH = YES;
				COPY_PHASE_STRIP = NO;
				GCC_C_LANGUAGE_STANDARD = gnu99;
				GCC_DYNAMIC_NO_PIC = NO;
				GCC_ENABLE_OBJC_EXCEPTIONS = YES;
				GCC_INCREASE_PRECOMPILED_HEADER_SHARING = YES;
				GCC_OPTIMIZATION_LEVEL = 0;
				GCC_PRECOMPILE_PREFIX_HEADER = YES;
				GCC_PREFIX_HEADER = Hammer/Hammer.pch;
				GCC_PREPROCESSOR_DEFINITIONS = (
					"DEBUG=1",
					"$(inherited)",
				);
				GCC_SYMBOLS_PRIVATE_EXTERN = NO;
				GCC_WARN_64_TO_32_BIT_CONVERSION = YES;
				GCC_WARN_ABOUT_RETURN_TYPE = YES_ERROR;
				GCC_WARN_UNDECLARED_SELECTOR = YES;
				GCC_WARN_UNINITIALIZED_AUTOS = YES_AGGRESSIVE;
				GCC_WARN_UNUSED_FUNCTION = YES;
				GCC_WARN_UNUSED_VARIABLE = YES;
				MACOSX_DEPLOYMENT_TARGET = 10.9;
				ONLY_ACTIVE_ARCH = YES;
				SDKROOT = macosx;
			};
			name = Debug;
		};
		D4ACA5DA18DD188A00EBD899 /* Release */ = {
			isa = XCBuildConfiguration;
			buildSettings = {
				ALWAYS_SEARCH_USER_PATHS = NO;
				CLANG_CXX_LANGUAGE_STANDARD = "gnu++0x";
				CLANG_CXX_LIBRARY = "libc++";
				CLANG_ENABLE_MODULES = YES;
				CLANG_ENABLE_OBJC_ARC = YES;
				CLANG_WARN_BOOL_CONVERSION = YES;
				CLANG_WARN_CONSTANT_CONVERSION = YES;
				CLANG_WARN_DIRECT_OBJC_ISA_USAGE = YES_ERROR;
				CLANG_WARN_EMPTY_BODY = YES;
				CLANG_WARN_ENUM_CONVERSION = YES;
				CLANG_WARN_INT_CONVERSION = YES;
				CLANG_WARN_OBJC_ROOT_CLASS = YES_ERROR;
				CLANG_WARN__DUPLICATE_METHOD_MATCH = YES;
				COPY_PHASE_STRIP = YES;
				DEBUG_INFORMATION_FORMAT = "dwarf-with-dsym";
				ENABLE_NS_ASSERTIONS = NO;
				GCC_C_LANGUAGE_STANDARD = gnu99;
				GCC_ENABLE_OBJC_EXCEPTIONS = YES;
				GCC_INCREASE_PRECOMPILED_HEADER_SHARING = YES;
				GCC_PRECOMPILE_PREFIX_HEADER = YES;
				GCC_PREFIX_HEADER = Hammer/Hammer.pch;
				GCC_WARN_64_TO_32_BIT_CONVERSION = YES;
				GCC_WARN_ABOUT_RETURN_TYPE = YES_ERROR;
				GCC_WARN_UNDECLARED_SELECTOR = YES;
				GCC_WARN_UNINITIALIZED_AUTOS = YES_AGGRESSIVE;
				GCC_WARN_UNUSED_FUNCTION = YES;
				GCC_WARN_UNUSED_VARIABLE = YES;
				MACOSX_DEPLOYMENT_TARGET = 10.9;
				SDKROOT = macosx;
			};
			name = Release;
		};
		D4ACA5DC18DD188A00EBD899 /* Debug */ = {
			isa = XCBuildConfiguration;
			buildSettings = {
				COMBINE_HIDPI_IMAGES = YES;
				DYLIB_COMPATIBILITY_VERSION = 1;
				DYLIB_CURRENT_VERSION = 1;
				FRAMEWORK_VERSION = A;
				INFOPLIST_FILE = "Hammer/Hammer-Info.plist";
				PRODUCT_NAME = "$(TARGET_NAME)";
				WRAPPER_EXTENSION = framework;
			};
			name = Debug;
		};
		D4ACA5DD18DD188A00EBD899 /* Release */ = {
			isa = XCBuildConfiguration;
			buildSettings = {
				COMBINE_HIDPI_IMAGES = YES;
				DYLIB_COMPATIBILITY_VERSION = 1;
				DYLIB_CURRENT_VERSION = 1;
				FRAMEWORK_VERSION = A;
				INFOPLIST_FILE = "Hammer/Hammer-Info.plist";
				PRODUCT_NAME = "$(TARGET_NAME)";
				WRAPPER_EXTENSION = framework;
			};
			name = Release;
		};
		D4ACA5DF18DD188A00EBD899 /* Debug */ = {
			isa = XCBuildConfiguration;
			buildSettings = {
				COMBINE_HIDPI_IMAGES = YES;
				PRODUCT_NAME = "$(TARGET_NAME)";
				TEST_HOST = "$(BUILT_PRODUCTS_DIR)/Lagrangian.framework/Resources/lagrangian";
				WRAPPER_EXTENSION = xctest;
			};
			name = Debug;
		};
		D4ACA5E018DD188A00EBD899 /* Release */ = {
			isa = XCBuildConfiguration;
			buildSettings = {
				COMBINE_HIDPI_IMAGES = YES;
				PRODUCT_NAME = "$(TARGET_NAME)";
				TEST_HOST = "$(BUILT_PRODUCTS_DIR)/Lagrangian.framework/Resources/lagrangian";
				WRAPPER_EXTENSION = xctest;
			};
			name = Release;
		};
/* End XCBuildConfiguration section */

/* Begin XCConfigurationList section */
		D4ACA5AD18DD188A00EBD899 /* Build configuration list for PBXProject "Hammer" */ = {
			isa = XCConfigurationList;
			buildConfigurations = (
				D4ACA5D918DD188A00EBD899 /* Debug */,
				D4ACA5DA18DD188A00EBD899 /* Release */,
			);
			defaultConfigurationIsVisible = 0;
			defaultConfigurationName = Release;
		};
		D4ACA5DB18DD188A00EBD899 /* Build configuration list for PBXNativeTarget "Hammer" */ = {
			isa = XCConfigurationList;
			buildConfigurations = (
				D4ACA5DC18DD188A00EBD899 /* Debug */,
				D4ACA5DD18DD188A00EBD899 /* Release */,
			);
			defaultConfigurationIsVisible = 0;
			defaultConfigurationName = Release;
		};
		D4ACA5DE18DD188A00EBD899 /* Build configuration list for PBXNativeTarget "HammerTests" */ = {
			isa = XCConfigurationList;
			buildConfigurations = (
				D4ACA5DF18DD188A00EBD899 /* Debug */,
				D4ACA5E018DD188A00EBD899 /* Release */,
			);
			defaultConfigurationIsVisible = 0;
			defaultConfigurationName = Release;
		};
/* End XCConfigurationList section */
	};
	rootObject = D4ACA5AA18DD188A00EBD899 /* Project object */;
}
