// !$*UTF8*$!
{
	archiveVersion = 1;
	classes = {
	};
	objectVersion = 46;
	objects = {

/* Begin PBXBuildFile section */
		D40D7B0E18E27C960065BB70 /* Reducers.framework in Frameworks */ = {isa = PBXBuildFile; fileRef = D40D7B0D18E27C960065BB70 /* Reducers.framework */; };
		D40D7B1A18E27E070065BB70 /* InfoPlist.strings in Resources */ = {isa = PBXBuildFile; fileRef = D40D7B1818E27E070065BB70 /* InfoPlist.strings */; };
		D40D7B1C18E27E070065BB70 /* HammerTests.m in Sources */ = {isa = PBXBuildFile; fileRef = D40D7B1B18E27E070065BB70 /* HammerTests.m */; };
		D40D7B2318E27E1E0065BB70 /* XCTest.framework in Frameworks */ = {isa = PBXBuildFile; fileRef = D4ACA5CB18DD188A00EBD899 /* XCTest.framework */; settings = {ATTRIBUTES = (Weak, ); }; };
		D40D7B2418E27F070065BB70 /* Lagrangian.framework in Frameworks */ = {isa = PBXBuildFile; fileRef = D4ACA5F118DD19FE00EBD899 /* Lagrangian.framework */; };
		D42ED3B818FA1480005BEC10 /* HMRCase.h in Headers */ = {isa = PBXBuildFile; fileRef = D42ED3B618FA1480005BEC10 /* HMRCase.h */; settings = {ATTRIBUTES = (Public, ); }; };
		D42ED3B918FA1480005BEC10 /* HMRCase.m in Sources */ = {isa = PBXBuildFile; fileRef = D42ED3B718FA1480005BEC10 /* HMRCase.m */; };
		D42ED40718FA65FE005BEC10 /* Obstruct.framework in Frameworks */ = {isa = PBXBuildFile; fileRef = D42ED40618FA65FE005BEC10 /* Obstruct.framework */; };
		D42ED40918FB12C3005BEC10 /* HMRMemoization.h in Headers */ = {isa = PBXBuildFile; fileRef = D42ED40818FB12C3005BEC10 /* HMRMemoization.h */; };
		D42ED40D18FB1AC2005BEC10 /* HMRPredicate.h in Headers */ = {isa = PBXBuildFile; fileRef = D42ED40C18FB1AC2005BEC10 /* HMRPredicate.h */; settings = {ATTRIBUTES = (Public, ); }; };
		D42ED41018FB25A3005BEC10 /* HMRAnyCombinator.h in Headers */ = {isa = PBXBuildFile; fileRef = D42ED40E18FB25A3005BEC10 /* HMRAnyCombinator.h */; settings = {ATTRIBUTES = (Public, ); }; };
		D42ED41118FB25A3005BEC10 /* HMRAnyCombinator.m in Sources */ = {isa = PBXBuildFile; fileRef = D42ED40F18FB25A3005BEC10 /* HMRAnyCombinator.m */; };
		D42ED41418FB2683005BEC10 /* HMRBindCombinator.h in Headers */ = {isa = PBXBuildFile; fileRef = D42ED41218FB2683005BEC10 /* HMRBindCombinator.h */; settings = {ATTRIBUTES = (Public, ); }; };
		D42ED41518FB2683005BEC10 /* HMRBindCombinator.m in Sources */ = {isa = PBXBuildFile; fileRef = D42ED41318FB2683005BEC10 /* HMRBindCombinator.m */; };
		D499A49218EFEDF1004DF7E3 /* HMRTerminal.h in Headers */ = {isa = PBXBuildFile; fileRef = D499A49018EFEDF1004DF7E3 /* HMRTerminal.h */; settings = {ATTRIBUTES = (Public, ); }; };
		D499A49318EFEDF1004DF7E3 /* HMRTerminal.m in Sources */ = {isa = PBXBuildFile; fileRef = D499A49118EFEDF1004DF7E3 /* HMRTerminal.m */; };
		D499A49618F067D4004DF7E3 /* HMRParsing.h in Headers */ = {isa = PBXBuildFile; fileRef = D499A49418F067D4004DF7E3 /* HMRParsing.h */; settings = {ATTRIBUTES = (Public, ); }; };
		D499A49718F067D4004DF7E3 /* HMRParsing.m in Sources */ = {isa = PBXBuildFile; fileRef = D499A49518F067D4004DF7E3 /* HMRParsing.m */; };
		D499A5FE18F4D848004DF7E3 /* HMRPair.h in Headers */ = {isa = PBXBuildFile; fileRef = D499A5FC18F4D848004DF7E3 /* HMRPair.h */; settings = {ATTRIBUTES = (Public, ); }; };
		D499A5FF18F4D848004DF7E3 /* HMRPair.m in Sources */ = {isa = PBXBuildFile; fileRef = D499A5FD18F4D848004DF7E3 /* HMRPair.m */; };
		D4ACA5C118DD188A00EBD899 /* InfoPlist.strings in Resources */ = {isa = PBXBuildFile; fileRef = D4ACA5BF18DD188A00EBD899 /* InfoPlist.strings */; };
		D4ACA5E118DD19A400EBD899 /* Hammer.h in Headers */ = {isa = PBXBuildFile; fileRef = D4ACA5C318DD188A00EBD899 /* Hammer.h */; settings = {ATTRIBUTES = (Public, ); }; };
		D4ACA5F218DD19FE00EBD899 /* Lagrangian.framework in Frameworks */ = {isa = PBXBuildFile; fileRef = D4ACA5F118DD19FE00EBD899 /* Lagrangian.framework */; settings = {ATTRIBUTES = (Weak, ); }; };
		D4ACA5F518DD22F800EBD899 /* HMRNonterminal.h in Headers */ = {isa = PBXBuildFile; fileRef = D4ACA5F318DD22F800EBD899 /* HMRNonterminal.h */; settings = {ATTRIBUTES = (Public, ); }; };
		D4ACA5F918DD258E00EBD899 /* HMRNull.h in Headers */ = {isa = PBXBuildFile; fileRef = D4ACA5F718DD258E00EBD899 /* HMRNull.h */; settings = {ATTRIBUTES = (Public, ); }; };
		D4ACA5FA18DD258E00EBD899 /* HMRNull.m in Sources */ = {isa = PBXBuildFile; fileRef = D4ACA5F818DD258E00EBD899 /* HMRNull.m */; };
		D4ACA5FE18DD32CB00EBD899 /* HMROnce.h in Headers */ = {isa = PBXBuildFile; fileRef = D4ACA5FD18DD32CB00EBD899 /* HMROnce.h */; };
		D4ACA5FF18DD33DC00EBD899 /* HMRNonterminal.m in Sources */ = {isa = PBXBuildFile; fileRef = D4ACA5F418DD22F800EBD899 /* HMRNonterminal.m */; };
		D4ACA60218DD34C400EBD899 /* HMREmpty.h in Headers */ = {isa = PBXBuildFile; fileRef = D4ACA60018DD34C400EBD899 /* HMREmpty.h */; settings = {ATTRIBUTES = (Public, ); }; };
		D4ACA60318DD34C400EBD899 /* HMREmpty.m in Sources */ = {isa = PBXBuildFile; fileRef = D4ACA60118DD34C400EBD899 /* HMREmpty.m */; };
		D4ACA60618DD359C00EBD899 /* HMREqualCombinator.h in Headers */ = {isa = PBXBuildFile; fileRef = D4ACA60418DD359C00EBD899 /* HMREqualCombinator.h */; settings = {ATTRIBUTES = (Public, ); }; };
		D4ACA60718DD359C00EBD899 /* HMREqualCombinator.m in Sources */ = {isa = PBXBuildFile; fileRef = D4ACA60518DD359C00EBD899 /* HMREqualCombinator.m */; };
		D4ACA61218DD3A5800EBD899 /* HMRAlternation.h in Headers */ = {isa = PBXBuildFile; fileRef = D4ACA61018DD3A5800EBD899 /* HMRAlternation.h */; settings = {ATTRIBUTES = (Public, ); }; };
		D4ACA61318DD3A5800EBD899 /* HMRAlternation.m in Sources */ = {isa = PBXBuildFile; fileRef = D4ACA61118DD3A5800EBD899 /* HMRAlternation.m */; };
		D4ACA61718DD3CDB00EBD899 /* HMRReduction.h in Headers */ = {isa = PBXBuildFile; fileRef = D4ACA61518DD3CDB00EBD899 /* HMRReduction.h */; settings = {ATTRIBUTES = (Public, ); }; };
		D4ACA61818DD3CDB00EBD899 /* HMRReduction.m in Sources */ = {isa = PBXBuildFile; fileRef = D4ACA61618DD3CDB00EBD899 /* HMRReduction.m */; };
		D4ACA61B18DD492E00EBD899 /* HMRConcatenation.h in Headers */ = {isa = PBXBuildFile; fileRef = D4ACA61918DD492E00EBD899 /* HMRConcatenation.h */; settings = {ATTRIBUTES = (Public, ); }; };
		D4ACA61C18DD492E00EBD899 /* HMRConcatenation.m in Sources */ = {isa = PBXBuildFile; fileRef = D4ACA61A18DD492E00EBD899 /* HMRConcatenation.m */; };
		D4ACA62318DD4F5200EBD899 /* HMRRepetition.h in Headers */ = {isa = PBXBuildFile; fileRef = D4ACA62118DD4F5200EBD899 /* HMRRepetition.h */; settings = {ATTRIBUTES = (Public, ); }; };
		D4ACA62418DD4F5200EBD899 /* HMRRepetition.m in Sources */ = {isa = PBXBuildFile; fileRef = D4ACA62218DD4F5200EBD899 /* HMRRepetition.m */; };
		D4ACA62718DD562400EBD899 /* HMRCombinator.h in Headers */ = {isa = PBXBuildFile; fileRef = D4ACA62518DD562400EBD899 /* HMRCombinator.h */; settings = {ATTRIBUTES = (Public, ); }; };
		D4B1555A18FB9E600051285B /* HMRSet.h in Headers */ = {isa = PBXBuildFile; fileRef = D4B1555818FB9E600051285B /* HMRSet.h */; settings = {ATTRIBUTES = (Public, ); }; };
		D4B1555B18FB9E600051285B /* HMRSet.m in Sources */ = {isa = PBXBuildFile; fileRef = D4B1555918FB9E600051285B /* HMRSet.m */; };
		D4B1555E18FBA15E0051285B /* HMRKindOfCombinator.h in Headers */ = {isa = PBXBuildFile; fileRef = D4B1555C18FBA15E0051285B /* HMRKindOfCombinator.h */; settings = {ATTRIBUTES = (Public, ); }; };
		D4B1555F18FBA15E0051285B /* HMRKindOfCombinator.m in Sources */ = {isa = PBXBuildFile; fileRef = D4B1555D18FBA15E0051285B /* HMRKindOfCombinator.m */; };
		D4B1556218FBA4CE0051285B /* HMRBlockCombinator.h in Headers */ = {isa = PBXBuildFile; fileRef = D4B1556018FBA4CE0051285B /* HMRBlockCombinator.h */; settings = {ATTRIBUTES = (Public, ); }; };
		D4B1556318FBA4CE0051285B /* HMRBlockCombinator.m in Sources */ = {isa = PBXBuildFile; fileRef = D4B1556118FBA4CE0051285B /* HMRBlockCombinator.m */; };
		D4B158E418FF99770051285B /* HMRCombinator.m in Sources */ = {isa = PBXBuildFile; fileRef = D4B158E318FF99770051285B /* HMRCombinator.m */; };
		D4C87CD518EB79E400567D57 /* HMRDelay.h in Headers */ = {isa = PBXBuildFile; fileRef = D4C87CD318EB79E400567D57 /* HMRDelay.h */; };
		D4C87CD618EB79E400567D57 /* HMRDelay.m in Sources */ = {isa = PBXBuildFile; fileRef = D4C87CD418EB79E400567D57 /* HMRDelay.m */; };
		D4C87CE118ED356E00567D57 /* HMRDelayCombinator.h in Headers */ = {isa = PBXBuildFile; fileRef = D4C87CDF18ED356E00567D57 /* HMRDelayCombinator.h */; };
		D4C87CE218ED356E00567D57 /* HMRDelayCombinator.m in Sources */ = {isa = PBXBuildFile; fileRef = D4C87CE018ED356E00567D57 /* HMRDelayCombinator.m */; };
		D4C87CE918ED3AC300567D57 /* HMRPredicateCombinator.h in Headers */ = {isa = PBXBuildFile; fileRef = D4C87CE718ED3AC300567D57 /* HMRPredicateCombinator.h */; settings = {ATTRIBUTES = (Public, ); }; };
		D4C87CEA18ED3AC300567D57 /* HMRPredicateCombinator.m in Sources */ = {isa = PBXBuildFile; fileRef = D4C87CE818ED3AC300567D57 /* HMRPredicateCombinator.m */; };
		D4C87CED18ED3D5F00567D57 /* HMRContainsCombinator.h in Headers */ = {isa = PBXBuildFile; fileRef = D4C87CEB18ED3D5F00567D57 /* HMRContainsCombinator.h */; settings = {ATTRIBUTES = (Public, ); }; };
		D4C87CEE18ED3D5F00567D57 /* HMRContainsCombinator.m in Sources */ = {isa = PBXBuildFile; fileRef = D4C87CEC18ED3D5F00567D57 /* HMRContainsCombinator.m */; };
		D4E0192318F9BE3000442926 /* HMROperations.h in Headers */ = {isa = PBXBuildFile; fileRef = D4E0192118F9BE3000442926 /* HMROperations.h */; settings = {ATTRIBUTES = (Public, ); }; };
		D4E0192418F9BE3000442926 /* HMROperations.m in Sources */ = {isa = PBXBuildFile; fileRef = D4E0192218F9BE3000442926 /* HMROperations.m */; };
/* End PBXBuildFile section */

/* Begin PBXContainerItemProxy section */
		D40D7B1E18E27E070065BB70 /* PBXContainerItemProxy */ = {
			isa = PBXContainerItemProxy;
			containerPortal = D4ACA5AA18DD188A00EBD899 /* Project object */;
			proxyType = 1;
			remoteGlobalIDString = D4ACA5B218DD188A00EBD899;
			remoteInfo = Hammer;
		};
/* End PBXContainerItemProxy section */

/* Begin PBXFileReference section */
		D40D7B0D18E27C960065BB70 /* Reducers.framework */ = {isa = PBXFileReference; lastKnownFileType = wrapper.framework; name = Reducers.framework; path = External/Reducers/build/Debug/Reducers.framework; sourceTree = "<group>"; };
		D40D7B1318E27E070065BB70 /* Hammer Tests.xctest */ = {isa = PBXFileReference; explicitFileType = wrapper.cfbundle; includeInIndex = 0; path = "Hammer Tests.xctest"; sourceTree = BUILT_PRODUCTS_DIR; };
		D40D7B1718E27E070065BB70 /* Hammer Tests-Info.plist */ = {isa = PBXFileReference; lastKnownFileType = text.plist.xml; path = "Hammer Tests-Info.plist"; sourceTree = "<group>"; };
		D40D7B1918E27E070065BB70 /* en */ = {isa = PBXFileReference; lastKnownFileType = text.plist.strings; name = en; path = en.lproj/InfoPlist.strings; sourceTree = "<group>"; };
		D40D7B1B18E27E070065BB70 /* HammerTests.m */ = {isa = PBXFileReference; lastKnownFileType = sourcecode.c.objc; path = HammerTests.m; sourceTree = "<group>"; };
		D42ED3B618FA1480005BEC10 /* HMRCase.h */ = {isa = PBXFileReference; fileEncoding = 4; lastKnownFileType = sourcecode.c.h; path = HMRCase.h; sourceTree = "<group>"; };
		D42ED3B718FA1480005BEC10 /* HMRCase.m */ = {isa = PBXFileReference; fileEncoding = 4; lastKnownFileType = sourcecode.c.objc; path = HMRCase.m; sourceTree = "<group>"; };
		D42ED40618FA65FE005BEC10 /* Obstruct.framework */ = {isa = PBXFileReference; lastKnownFileType = wrapper.framework; name = Obstruct.framework; path = External/Obstruct/build/Debug/Obstruct.framework; sourceTree = "<group>"; };
		D42ED40818FB12C3005BEC10 /* HMRMemoization.h */ = {isa = PBXFileReference; fileEncoding = 4; lastKnownFileType = sourcecode.c.h; path = HMRMemoization.h; sourceTree = "<group>"; };
		D42ED40C18FB1AC2005BEC10 /* HMRPredicate.h */ = {isa = PBXFileReference; fileEncoding = 4; lastKnownFileType = sourcecode.c.h; path = HMRPredicate.h; sourceTree = "<group>"; };
		D42ED40E18FB25A3005BEC10 /* HMRAnyCombinator.h */ = {isa = PBXFileReference; fileEncoding = 4; lastKnownFileType = sourcecode.c.h; path = HMRAnyCombinator.h; sourceTree = "<group>"; };
		D42ED40F18FB25A3005BEC10 /* HMRAnyCombinator.m */ = {isa = PBXFileReference; fileEncoding = 4; lastKnownFileType = sourcecode.c.objc; path = HMRAnyCombinator.m; sourceTree = "<group>"; };
		D42ED41218FB2683005BEC10 /* HMRBindCombinator.h */ = {isa = PBXFileReference; fileEncoding = 4; lastKnownFileType = sourcecode.c.h; path = HMRBindCombinator.h; sourceTree = "<group>"; };
		D42ED41318FB2683005BEC10 /* HMRBindCombinator.m */ = {isa = PBXFileReference; fileEncoding = 4; lastKnownFileType = sourcecode.c.objc; path = HMRBindCombinator.m; sourceTree = "<group>"; };
		D499A49018EFEDF1004DF7E3 /* HMRTerminal.h */ = {isa = PBXFileReference; fileEncoding = 4; lastKnownFileType = sourcecode.c.h; path = HMRTerminal.h; sourceTree = "<group>"; };
		D499A49118EFEDF1004DF7E3 /* HMRTerminal.m */ = {isa = PBXFileReference; fileEncoding = 4; lastKnownFileType = sourcecode.c.objc; path = HMRTerminal.m; sourceTree = "<group>"; };
		D499A49418F067D4004DF7E3 /* HMRParsing.h */ = {isa = PBXFileReference; fileEncoding = 4; lastKnownFileType = sourcecode.c.h; path = HMRParsing.h; sourceTree = "<group>"; };
		D499A49518F067D4004DF7E3 /* HMRParsing.m */ = {isa = PBXFileReference; fileEncoding = 4; lastKnownFileType = sourcecode.c.objc; path = HMRParsing.m; sourceTree = "<group>"; };
		D499A5FC18F4D848004DF7E3 /* HMRPair.h */ = {isa = PBXFileReference; fileEncoding = 4; lastKnownFileType = sourcecode.c.h; path = HMRPair.h; sourceTree = "<group>"; };
		D499A5FD18F4D848004DF7E3 /* HMRPair.m */ = {isa = PBXFileReference; fileEncoding = 4; lastKnownFileType = sourcecode.c.objc; path = HMRPair.m; sourceTree = "<group>"; };
		D4ACA5B318DD188A00EBD899 /* Hammer.framework */ = {isa = PBXFileReference; explicitFileType = wrapper.framework; includeInIndex = 0; path = Hammer.framework; sourceTree = BUILT_PRODUCTS_DIR; };
		D4ACA5B918DD188A00EBD899 /* Foundation.framework */ = {isa = PBXFileReference; lastKnownFileType = wrapper.framework; name = Foundation.framework; path = System/Library/Frameworks/Foundation.framework; sourceTree = SDKROOT; };
		D4ACA5BE18DD188A00EBD899 /* Hammer-Info.plist */ = {isa = PBXFileReference; lastKnownFileType = text.plist.xml; path = "Hammer-Info.plist"; sourceTree = "<group>"; };
		D4ACA5C018DD188A00EBD899 /* en */ = {isa = PBXFileReference; lastKnownFileType = text.plist.strings; name = en; path = en.lproj/InfoPlist.strings; sourceTree = "<group>"; };
		D4ACA5C218DD188A00EBD899 /* Hammer.pch */ = {isa = PBXFileReference; lastKnownFileType = sourcecode.c.h; path = Hammer.pch; sourceTree = "<group>"; };
		D4ACA5C318DD188A00EBD899 /* Hammer.h */ = {isa = PBXFileReference; lastKnownFileType = sourcecode.c.h; path = Hammer.h; sourceTree = "<group>"; };
		D4ACA5CB18DD188A00EBD899 /* XCTest.framework */ = {isa = PBXFileReference; lastKnownFileType = wrapper.framework; name = XCTest.framework; path = Library/Frameworks/XCTest.framework; sourceTree = DEVELOPER_DIR; };
		D4ACA5F118DD19FE00EBD899 /* Lagrangian.framework */ = {isa = PBXFileReference; lastKnownFileType = wrapper.framework; name = Lagrangian.framework; path = External/Lagrangian/build/Debug/Lagrangian.framework; sourceTree = "<group>"; };
		D4ACA5F318DD22F800EBD899 /* HMRNonterminal.h */ = {isa = PBXFileReference; fileEncoding = 4; lastKnownFileType = sourcecode.c.h; path = HMRNonterminal.h; sourceTree = "<group>"; };
		D4ACA5F418DD22F800EBD899 /* HMRNonterminal.m */ = {isa = PBXFileReference; fileEncoding = 4; lastKnownFileType = sourcecode.c.objc; path = HMRNonterminal.m; sourceTree = "<group>"; };
		D4ACA5F718DD258E00EBD899 /* HMRNull.h */ = {isa = PBXFileReference; fileEncoding = 4; lastKnownFileType = sourcecode.c.h; path = HMRNull.h; sourceTree = "<group>"; };
		D4ACA5F818DD258E00EBD899 /* HMRNull.m */ = {isa = PBXFileReference; fileEncoding = 4; lastKnownFileType = sourcecode.c.objc; path = HMRNull.m; sourceTree = "<group>"; };
		D4ACA5FD18DD32CB00EBD899 /* HMROnce.h */ = {isa = PBXFileReference; fileEncoding = 4; lastKnownFileType = sourcecode.c.h; path = HMROnce.h; sourceTree = "<group>"; };
		D4ACA60018DD34C400EBD899 /* HMREmpty.h */ = {isa = PBXFileReference; fileEncoding = 4; lastKnownFileType = sourcecode.c.h; path = HMREmpty.h; sourceTree = "<group>"; };
		D4ACA60118DD34C400EBD899 /* HMREmpty.m */ = {isa = PBXFileReference; fileEncoding = 4; lastKnownFileType = sourcecode.c.objc; path = HMREmpty.m; sourceTree = "<group>"; };
		D4ACA60418DD359C00EBD899 /* HMREqualCombinator.h */ = {isa = PBXFileReference; fileEncoding = 4; lastKnownFileType = sourcecode.c.h; path = HMREqualCombinator.h; sourceTree = "<group>"; };
		D4ACA60518DD359C00EBD899 /* HMREqualCombinator.m */ = {isa = PBXFileReference; fileEncoding = 4; lastKnownFileType = sourcecode.c.objc; path = HMREqualCombinator.m; sourceTree = "<group>"; };
		D4ACA61018DD3A5800EBD899 /* HMRAlternation.h */ = {isa = PBXFileReference; fileEncoding = 4; lastKnownFileType = sourcecode.c.h; path = HMRAlternation.h; sourceTree = "<group>"; };
		D4ACA61118DD3A5800EBD899 /* HMRAlternation.m */ = {isa = PBXFileReference; fileEncoding = 4; lastKnownFileType = sourcecode.c.objc; path = HMRAlternation.m; sourceTree = "<group>"; };
		D4ACA61518DD3CDB00EBD899 /* HMRReduction.h */ = {isa = PBXFileReference; fileEncoding = 4; lastKnownFileType = sourcecode.c.h; path = HMRReduction.h; sourceTree = "<group>"; };
		D4ACA61618DD3CDB00EBD899 /* HMRReduction.m */ = {isa = PBXFileReference; fileEncoding = 4; lastKnownFileType = sourcecode.c.objc; path = HMRReduction.m; sourceTree = "<group>"; };
		D4ACA61918DD492E00EBD899 /* HMRConcatenation.h */ = {isa = PBXFileReference; fileEncoding = 4; lastKnownFileType = sourcecode.c.h; path = HMRConcatenation.h; sourceTree = "<group>"; };
		D4ACA61A18DD492E00EBD899 /* HMRConcatenation.m */ = {isa = PBXFileReference; fileEncoding = 4; lastKnownFileType = sourcecode.c.objc; path = HMRConcatenation.m; sourceTree = "<group>"; };
		D4ACA62118DD4F5200EBD899 /* HMRRepetition.h */ = {isa = PBXFileReference; fileEncoding = 4; lastKnownFileType = sourcecode.c.h; path = HMRRepetition.h; sourceTree = "<group>"; };
		D4ACA62218DD4F5200EBD899 /* HMRRepetition.m */ = {isa = PBXFileReference; fileEncoding = 4; lastKnownFileType = sourcecode.c.objc; path = HMRRepetition.m; sourceTree = "<group>"; };
		D4ACA62518DD562400EBD899 /* HMRCombinator.h */ = {isa = PBXFileReference; fileEncoding = 4; lastKnownFileType = sourcecode.c.h; path = HMRCombinator.h; sourceTree = "<group>"; };
		D4B1555818FB9E600051285B /* HMRSet.h */ = {isa = PBXFileReference; fileEncoding = 4; lastKnownFileType = sourcecode.c.h; path = HMRSet.h; sourceTree = "<group>"; };
		D4B1555918FB9E600051285B /* HMRSet.m */ = {isa = PBXFileReference; fileEncoding = 4; lastKnownFileType = sourcecode.c.objc; path = HMRSet.m; sourceTree = "<group>"; };
		D4B1555C18FBA15E0051285B /* HMRKindOfCombinator.h */ = {isa = PBXFileReference; fileEncoding = 4; lastKnownFileType = sourcecode.c.h; path = HMRKindOfCombinator.h; sourceTree = "<group>"; };
		D4B1555D18FBA15E0051285B /* HMRKindOfCombinator.m */ = {isa = PBXFileReference; fileEncoding = 4; lastKnownFileType = sourcecode.c.objc; path = HMRKindOfCombinator.m; sourceTree = "<group>"; };
		D4B1556018FBA4CE0051285B /* HMRBlockCombinator.h */ = {isa = PBXFileReference; fileEncoding = 4; lastKnownFileType = sourcecode.c.h; path = HMRBlockCombinator.h; sourceTree = "<group>"; };
		D4B1556118FBA4CE0051285B /* HMRBlockCombinator.m */ = {isa = PBXFileReference; fileEncoding = 4; lastKnownFileType = sourcecode.c.objc; path = HMRBlockCombinator.m; sourceTree = "<group>"; };
		D4B158E318FF99770051285B /* HMRCombinator.m */ = {isa = PBXFileReference; fileEncoding = 4; lastKnownFileType = sourcecode.c.objc; path = HMRCombinator.m; sourceTree = "<group>"; };
		D4C87CD318EB79E400567D57 /* HMRDelay.h */ = {isa = PBXFileReference; fileEncoding = 4; lastKnownFileType = sourcecode.c.h; path = HMRDelay.h; sourceTree = "<group>"; };
		D4C87CD418EB79E400567D57 /* HMRDelay.m */ = {isa = PBXFileReference; fileEncoding = 4; lastKnownFileType = sourcecode.c.objc; path = HMRDelay.m; sourceTree = "<group>"; };
		D4C87CDF18ED356E00567D57 /* HMRDelayCombinator.h */ = {isa = PBXFileReference; fileEncoding = 4; lastKnownFileType = sourcecode.c.h; path = HMRDelayCombinator.h; sourceTree = "<group>"; };
		D4C87CE018ED356E00567D57 /* HMRDelayCombinator.m */ = {isa = PBXFileReference; fileEncoding = 4; lastKnownFileType = sourcecode.c.objc; path = HMRDelayCombinator.m; sourceTree = "<group>"; };
		D4C87CE718ED3AC300567D57 /* HMRPredicateCombinator.h */ = {isa = PBXFileReference; fileEncoding = 4; lastKnownFileType = sourcecode.c.h; path = HMRPredicateCombinator.h; sourceTree = "<group>"; };
		D4C87CE818ED3AC300567D57 /* HMRPredicateCombinator.m */ = {isa = PBXFileReference; fileEncoding = 4; lastKnownFileType = sourcecode.c.objc; path = HMRPredicateCombinator.m; sourceTree = "<group>"; };
		D4C87CEB18ED3D5F00567D57 /* HMRContainsCombinator.h */ = {isa = PBXFileReference; fileEncoding = 4; lastKnownFileType = sourcecode.c.h; path = HMRContainsCombinator.h; sourceTree = "<group>"; };
		D4C87CEC18ED3D5F00567D57 /* HMRContainsCombinator.m */ = {isa = PBXFileReference; fileEncoding = 4; lastKnownFileType = sourcecode.c.objc; path = HMRContainsCombinator.m; sourceTree = "<group>"; };
		D4E0192118F9BE3000442926 /* HMROperations.h */ = {isa = PBXFileReference; fileEncoding = 4; lastKnownFileType = sourcecode.c.h; path = HMROperations.h; sourceTree = "<group>"; };
		D4E0192218F9BE3000442926 /* HMROperations.m */ = {isa = PBXFileReference; fileEncoding = 4; lastKnownFileType = sourcecode.c.objc; path = HMROperations.m; sourceTree = "<group>"; };
/* End PBXFileReference section */

/* Begin PBXFrameworksBuildPhase section */
		D40D7B1018E27E070065BB70 /* Frameworks */ = {
			isa = PBXFrameworksBuildPhase;
			buildActionMask = 2147483647;
			files = (
				D40D7B2418E27F070065BB70 /* Lagrangian.framework in Frameworks */,
			);
			runOnlyForDeploymentPostprocessing = 0;
		};
		D4ACA5AF18DD188A00EBD899 /* Frameworks */ = {
			isa = PBXFrameworksBuildPhase;
			buildActionMask = 2147483647;
			files = (
				D42ED40718FA65FE005BEC10 /* Obstruct.framework in Frameworks */,
				D40D7B2318E27E1E0065BB70 /* XCTest.framework in Frameworks */,
				D4ACA5F218DD19FE00EBD899 /* Lagrangian.framework in Frameworks */,
				D40D7B0E18E27C960065BB70 /* Reducers.framework in Frameworks */,
			);
			runOnlyForDeploymentPostprocessing = 0;
		};
/* End PBXFrameworksBuildPhase section */

/* Begin PBXGroup section */
		D40D7B1518E27E070065BB70 /* Hammer Tests */ = {
			isa = PBXGroup;
			children = (
				D40D7B1B18E27E070065BB70 /* HammerTests.m */,
				D40D7B1618E27E070065BB70 /* Supporting Files */,
			);
			path = "Hammer Tests";
			sourceTree = "<group>";
		};
		D40D7B1618E27E070065BB70 /* Supporting Files */ = {
			isa = PBXGroup;
			children = (
				D40D7B1718E27E070065BB70 /* Hammer Tests-Info.plist */,
				D40D7B1818E27E070065BB70 /* InfoPlist.strings */,
			);
			name = "Supporting Files";
			sourceTree = "<group>";
		};
		D4ACA5A918DD188A00EBD899 = {
			isa = PBXGroup;
			children = (
				D4ACA5BC18DD188A00EBD899 /* Hammer */,
				D40D7B1518E27E070065BB70 /* Hammer Tests */,
				D4ACA5B518DD188A00EBD899 /* Frameworks */,
				D4ACA5B418DD188A00EBD899 /* Products */,
			);
			sourceTree = "<group>";
		};
		D4ACA5B418DD188A00EBD899 /* Products */ = {
			isa = PBXGroup;
			children = (
				D4ACA5B318DD188A00EBD899 /* Hammer.framework */,
				D40D7B1318E27E070065BB70 /* Hammer Tests.xctest */,
			);
			name = Products;
			sourceTree = "<group>";
		};
		D4ACA5B518DD188A00EBD899 /* Frameworks */ = {
			isa = PBXGroup;
			children = (
				D42ED40618FA65FE005BEC10 /* Obstruct.framework */,
				D40D7B0D18E27C960065BB70 /* Reducers.framework */,
				D4ACA5F118DD19FE00EBD899 /* Lagrangian.framework */,
				D4ACA5B918DD188A00EBD899 /* Foundation.framework */,
				D4ACA5CB18DD188A00EBD899 /* XCTest.framework */,
			);
			name = Frameworks;
			sourceTree = "<group>";
		};
		D4ACA5BC18DD188A00EBD899 /* Hammer */ = {
			isa = PBXGroup;
			children = (
				D4ACA5C318DD188A00EBD899 /* Hammer.h */,
				D4E0192118F9BE3000442926 /* HMROperations.h */,
				D4E0192218F9BE3000442926 /* HMROperations.m */,
				D499A49418F067D4004DF7E3 /* HMRParsing.h */,
				D499A49518F067D4004DF7E3 /* HMRParsing.m */,
				D4ACA61418DD3A5E00EBD899 /* Parser combinators */,
				D4ACA5BD18DD188A00EBD899 /* Supporting Files */,
			);
			path = Hammer;
			sourceTree = "<group>";
		};
		D4ACA5BD18DD188A00EBD899 /* Supporting Files */ = {
			isa = PBXGroup;
			children = (
				D4ACA5BE18DD188A00EBD899 /* Hammer-Info.plist */,
				D4ACA5BF18DD188A00EBD899 /* InfoPlist.strings */,
				D4ACA5C218DD188A00EBD899 /* Hammer.pch */,
				D4ACA5FD18DD32CB00EBD899 /* HMROnce.h */,
				D42ED40818FB12C3005BEC10 /* HMRMemoization.h */,
				D42ED40C18FB1AC2005BEC10 /* HMRPredicate.h */,
				D4C87CD318EB79E400567D57 /* HMRDelay.h */,
				D4C87CD418EB79E400567D57 /* HMRDelay.m */,
				D499A5FC18F4D848004DF7E3 /* HMRPair.h */,
				D499A5FD18F4D848004DF7E3 /* HMRPair.m */,
				D42ED3B618FA1480005BEC10 /* HMRCase.h */,
				D42ED3B718FA1480005BEC10 /* HMRCase.m */,
				D4B1555818FB9E600051285B /* HMRSet.h */,
				D4B1555918FB9E600051285B /* HMRSet.m */,
			);
			name = "Supporting Files";
			sourceTree = "<group>";
		};
		D4ACA61418DD3A5E00EBD899 /* Parser combinators */ = {
			isa = PBXGroup;
			children = (
				D4ACA62518DD562400EBD899 /* HMRCombinator.h */,
				D4B158E318FF99770051285B /* HMRCombinator.m */,
				D4ACA5F318DD22F800EBD899 /* HMRNonterminal.h */,
				D4ACA5F418DD22F800EBD899 /* HMRNonterminal.m */,
				D4C87CF018ED3D7C00567D57 /* Terminals */,
				D4C87CF118ED3D9700567D57 /* Nonterminals */,
				D4C87CDF18ED356E00567D57 /* HMRDelayCombinator.h */,
				D4C87CE018ED356E00567D57 /* HMRDelayCombinator.m */,
			);
			name = "Parser combinators";
			sourceTree = "<group>";
		};
		D4C87CEF18ED3D6C00567D57 /* Predicates */ = {
			isa = PBXGroup;
			children = (
				D4C87CE718ED3AC300567D57 /* HMRPredicateCombinator.h */,
				D4C87CE818ED3AC300567D57 /* HMRPredicateCombinator.m */,
				D4C87CEB18ED3D5F00567D57 /* HMRContainsCombinator.h */,
				D4C87CEC18ED3D5F00567D57 /* HMRContainsCombinator.m */,
				D4ACA60418DD359C00EBD899 /* HMREqualCombinator.h */,
				D4ACA60518DD359C00EBD899 /* HMREqualCombinator.m */,
				D42ED40E18FB25A3005BEC10 /* HMRAnyCombinator.h */,
				D42ED40F18FB25A3005BEC10 /* HMRAnyCombinator.m */,
				D42ED41218FB2683005BEC10 /* HMRBindCombinator.h */,
				D42ED41318FB2683005BEC10 /* HMRBindCombinator.m */,
				D4B1555C18FBA15E0051285B /* HMRKindOfCombinator.h */,
				D4B1555D18FBA15E0051285B /* HMRKindOfCombinator.m */,
				D4B1556018FBA4CE0051285B /* HMRBlockCombinator.h */,
				D4B1556118FBA4CE0051285B /* HMRBlockCombinator.m */,
			);
			name = Predicates;
			sourceTree = "<group>";
		};
		D4C87CF018ED3D7C00567D57 /* Terminals */ = {
			isa = PBXGroup;
			children = (
				D499A49018EFEDF1004DF7E3 /* HMRTerminal.h */,
				D499A49118EFEDF1004DF7E3 /* HMRTerminal.m */,
				D4ACA60018DD34C400EBD899 /* HMREmpty.h */,
				D4ACA60118DD34C400EBD899 /* HMREmpty.m */,
				D4ACA5F718DD258E00EBD899 /* HMRNull.h */,
				D4ACA5F818DD258E00EBD899 /* HMRNull.m */,
				D4C87CEF18ED3D6C00567D57 /* Predicates */,
			);
			name = Terminals;
			sourceTree = "<group>";
		};
		D4C87CF118ED3D9700567D57 /* Nonterminals */ = {
			isa = PBXGroup;
			children = (
				D4ACA61018DD3A5800EBD899 /* HMRAlternation.h */,
				D4ACA61118DD3A5800EBD899 /* HMRAlternation.m */,
				D4ACA61918DD492E00EBD899 /* HMRConcatenation.h */,
				D4ACA61A18DD492E00EBD899 /* HMRConcatenation.m */,
				D4ACA61518DD3CDB00EBD899 /* HMRReduction.h */,
				D4ACA61618DD3CDB00EBD899 /* HMRReduction.m */,
				D4ACA62118DD4F5200EBD899 /* HMRRepetition.h */,
				D4ACA62218DD4F5200EBD899 /* HMRRepetition.m */,
			);
			name = Nonterminals;
			sourceTree = "<group>";
		};
/* End PBXGroup section */

/* Begin PBXHeadersBuildPhase section */
		D4ACA5B018DD188A00EBD899 /* Headers */ = {
			isa = PBXHeadersBuildPhase;
			buildActionMask = 2147483647;
			files = (
				D4C87CD518EB79E400567D57 /* HMRDelay.h in Headers */,
				D4B1555E18FBA15E0051285B /* HMRKindOfCombinator.h in Headers */,
				D4C87CE918ED3AC300567D57 /* HMRPredicateCombinator.h in Headers */,
				D499A5FE18F4D848004DF7E3 /* HMRPair.h in Headers */,
				D42ED41418FB2683005BEC10 /* HMRBindCombinator.h in Headers */,
				D4ACA5FE18DD32CB00EBD899 /* HMROnce.h in Headers */,
				D4ACA5E118DD19A400EBD899 /* Hammer.h in Headers */,
				D4ACA5F518DD22F800EBD899 /* HMRNonterminal.h in Headers */,
				D42ED3B818FA1480005BEC10 /* HMRCase.h in Headers */,
				D4ACA61718DD3CDB00EBD899 /* HMRReduction.h in Headers */,
				D4ACA5F918DD258E00EBD899 /* HMRNull.h in Headers */,
				D4ACA62318DD4F5200EBD899 /* HMRRepetition.h in Headers */,
				D499A49618F067D4004DF7E3 /* HMRParsing.h in Headers */,
				D4B1556218FBA4CE0051285B /* HMRBlockCombinator.h in Headers */,
				D4ACA60618DD359C00EBD899 /* HMREqualCombinator.h in Headers */,
				D4ACA62718DD562400EBD899 /* HMRCombinator.h in Headers */,
				D4E0192318F9BE3000442926 /* HMROperations.h in Headers */,
				D4B1555A18FB9E600051285B /* HMRSet.h in Headers */,
				D4ACA61B18DD492E00EBD899 /* HMRConcatenation.h in Headers */,
				D4ACA61218DD3A5800EBD899 /* HMRAlternation.h in Headers */,
				D42ED40D18FB1AC2005BEC10 /* HMRPredicate.h in Headers */,
				D4C87CE118ED356E00567D57 /* HMRDelayCombinator.h in Headers */,
				D4ACA60218DD34C400EBD899 /* HMREmpty.h in Headers */,
				D4C87CED18ED3D5F00567D57 /* HMRContainsCombinator.h in Headers */,
				D42ED41018FB25A3005BEC10 /* HMRAnyCombinator.h in Headers */,
				D42ED40918FB12C3005BEC10 /* HMRMemoization.h in Headers */,
				D499A49218EFEDF1004DF7E3 /* HMRTerminal.h in Headers */,
			);
			runOnlyForDeploymentPostprocessing = 0;
		};
/* End PBXHeadersBuildPhase section */

/* Begin PBXNativeTarget section */
		D40D7B1218E27E070065BB70 /* Hammer Tests */ = {
			isa = PBXNativeTarget;
			buildConfigurationList = D40D7B2018E27E070065BB70 /* Build configuration list for PBXNativeTarget "Hammer Tests" */;
			buildPhases = (
				D40D7B0F18E27E070065BB70 /* Sources */,
				D40D7B1018E27E070065BB70 /* Frameworks */,
				D40D7B1118E27E070065BB70 /* Resources */,
			);
			buildRules = (
			);
			dependencies = (
				D40D7B1F18E27E070065BB70 /* PBXTargetDependency */,
			);
			name = "Hammer Tests";
			productName = "Hammer Tests";
			productReference = D40D7B1318E27E070065BB70 /* Hammer Tests.xctest */;
			productType = "com.apple.product-type.bundle.unit-test";
		};
		D4ACA5B218DD188A00EBD899 /* Hammer */ = {
			isa = PBXNativeTarget;
			buildConfigurationList = D4ACA5DB18DD188A00EBD899 /* Build configuration list for PBXNativeTarget "Hammer" */;
			buildPhases = (
				D4ACA5AE18DD188A00EBD899 /* Sources */,
				D4ACA5AF18DD188A00EBD899 /* Frameworks */,
				D4ACA5B018DD188A00EBD899 /* Headers */,
				D4ACA5B118DD188A00EBD899 /* Resources */,
			);
			buildRules = (
			);
			dependencies = (
			);
			name = Hammer;
			productName = Hammer;
			productReference = D4ACA5B318DD188A00EBD899 /* Hammer.framework */;
			productType = "com.apple.product-type.framework";
		};
/* End PBXNativeTarget section */

/* Begin PBXProject section */
		D4ACA5AA18DD188A00EBD899 /* Project object */ = {
			isa = PBXProject;
			attributes = {
				CLASSPREFIX = HMR;
				LastUpgradeCheck = 0510;
				ORGANIZATIONNAME = "Rob Rix";
				TargetAttributes = {
					D40D7B1218E27E070065BB70 = {
						TestTargetID = D4ACA5B218DD188A00EBD899;
					};
				};
			};
			buildConfigurationList = D4ACA5AD18DD188A00EBD899 /* Build configuration list for PBXProject "Hammer" */;
			compatibilityVersion = "Xcode 3.2";
			developmentRegion = English;
			hasScannedForEncodings = 0;
			knownRegions = (
				en,
			);
			mainGroup = D4ACA5A918DD188A00EBD899;
			productRefGroup = D4ACA5B418DD188A00EBD899 /* Products */;
			projectDirPath = "";
			projectRoot = "";
			targets = (
				D4ACA5B218DD188A00EBD899 /* Hammer */,
				D40D7B1218E27E070065BB70 /* Hammer Tests */,
			);
		};
/* End PBXProject section */

/* Begin PBXResourcesBuildPhase section */
		D40D7B1118E27E070065BB70 /* Resources */ = {
			isa = PBXResourcesBuildPhase;
			buildActionMask = 2147483647;
			files = (
				D40D7B1A18E27E070065BB70 /* InfoPlist.strings in Resources */,
			);
			runOnlyForDeploymentPostprocessing = 0;
		};
		D4ACA5B118DD188A00EBD899 /* Resources */ = {
			isa = PBXResourcesBuildPhase;
			buildActionMask = 2147483647;
			files = (
				D4ACA5C118DD188A00EBD899 /* InfoPlist.strings in Resources */,
			);
			runOnlyForDeploymentPostprocessing = 0;
		};
/* End PBXResourcesBuildPhase section */

/* Begin PBXSourcesBuildPhase section */
		D40D7B0F18E27E070065BB70 /* Sources */ = {
			isa = PBXSourcesBuildPhase;
			buildActionMask = 2147483647;
			files = (
				D40D7B1C18E27E070065BB70 /* HammerTests.m in Sources */,
			);
			runOnlyForDeploymentPostprocessing = 0;
		};
		D4ACA5AE18DD188A00EBD899 /* Sources */ = {
			isa = PBXSourcesBuildPhase;
			buildActionMask = 2147483647;
			files = (
				D42ED41118FB25A3005BEC10 /* HMRAnyCombinator.m in Sources */,
				D4ACA61818DD3CDB00EBD899 /* HMRReduction.m in Sources */,
				D4ACA60318DD34C400EBD899 /* HMREmpty.m in Sources */,
				D4ACA61C18DD492E00EBD899 /* HMRConcatenation.m in Sources */,
				D4ACA61318DD3A5800EBD899 /* HMRAlternation.m in Sources */,
				D499A49318EFEDF1004DF7E3 /* HMRTerminal.m in Sources */,
				D4E0192418F9BE3000442926 /* HMROperations.m in Sources */,
				D4B1556318FBA4CE0051285B /* HMRBlockCombinator.m in Sources */,
				D4C87CD618EB79E400567D57 /* HMRDelay.m in Sources */,
				D499A5FF18F4D848004DF7E3 /* HMRPair.m in Sources */,
				D499A49718F067D4004DF7E3 /* HMRParsing.m in Sources */,
				D4B1555B18FB9E600051285B /* HMRSet.m in Sources */,
				D4ACA62418DD4F5200EBD899 /* HMRRepetition.m in Sources */,
				D42ED3B918FA1480005BEC10 /* HMRCase.m in Sources */,
				D4C87CEE18ED3D5F00567D57 /* HMRContainsCombinator.m in Sources */,
				D4B158E418FF99770051285B /* HMRCombinator.m in Sources */,
				D4C87CE218ED356E00567D57 /* HMRDelayCombinator.m in Sources */,
				D4ACA5FF18DD33DC00EBD899 /* HMRNonterminal.m in Sources */,
				D4C87CEA18ED3AC300567D57 /* HMRPredicateCombinator.m in Sources */,
				D4ACA5FA18DD258E00EBD899 /* HMRNull.m in Sources */,
				D4B1555F18FBA15E0051285B /* HMRKindOfCombinator.m in Sources */,
				D4ACA60718DD359C00EBD899 /* HMREqualCombinator.m in Sources */,
				D42ED41518FB2683005BEC10 /* HMRBindCombinator.m in Sources */,
			);
			runOnlyForDeploymentPostprocessing = 0;
		};
/* End PBXSourcesBuildPhase section */

/* Begin PBXTargetDependency section */
		D40D7B1F18E27E070065BB70 /* PBXTargetDependency */ = {
			isa = PBXTargetDependency;
			target = D4ACA5B218DD188A00EBD899 /* Hammer */;
			targetProxy = D40D7B1E18E27E070065BB70 /* PBXContainerItemProxy */;
		};
/* End PBXTargetDependency section */

/* Begin PBXVariantGroup section */
		D40D7B1818E27E070065BB70 /* InfoPlist.strings */ = {
			isa = PBXVariantGroup;
			children = (
				D40D7B1918E27E070065BB70 /* en */,
			);
			name = InfoPlist.strings;
			sourceTree = "<group>";
		};
		D4ACA5BF18DD188A00EBD899 /* InfoPlist.strings */ = {
			isa = PBXVariantGroup;
			children = (
				D4ACA5C018DD188A00EBD899 /* en */,
			);
			name = InfoPlist.strings;
			sourceTree = "<group>";
		};
/* End PBXVariantGroup section */

/* Begin XCBuildConfiguration section */
		D40D7B2118E27E070065BB70 /* Debug */ = {
			isa = XCBuildConfiguration;
			buildSettings = {
				BUNDLE_LOADER = "$(BUILT_PRODUCTS_DIR)/Hammer.framework/Hammer";
				FRAMEWORK_SEARCH_PATHS = "$(DEVELOPER_FRAMEWORKS_DIR)";
				GCC_PREPROCESSOR_DEFINITIONS = (
					"$(inherited)",
					"L3_BUNDLE_LOADER=\\\"$(BUNDLE_LOADER)\\\"",
				);
				INFOPLIST_FILE = "Hammer Tests/Hammer Tests-Info.plist";
				PRODUCT_NAME = "$(TARGET_NAME)";
				WRAPPER_EXTENSION = xctest;
			};
			name = Debug;
		};
		D40D7B2218E27E070065BB70 /* Release */ = {
			isa = XCBuildConfiguration;
			buildSettings = {
				BUNDLE_LOADER = "$(BUILT_PRODUCTS_DIR)/Hammer.framework/Hammer";
				FRAMEWORK_SEARCH_PATHS = "$(DEVELOPER_FRAMEWORKS_DIR)";
				GCC_PREPROCESSOR_DEFINITIONS = (
					"$(inherited)",
					"L3_BUNDLE_LOADER=\\\"$(BUNDLE_LOADER)\\\"",
				);
				INFOPLIST_FILE = "Hammer Tests/Hammer Tests-Info.plist";
				PRODUCT_NAME = "$(TARGET_NAME)";
				WRAPPER_EXTENSION = xctest;
			};
			name = Release;
		};
		D4ACA5D918DD188A00EBD899 /* Debug */ = {
			isa = XCBuildConfiguration;
			buildSettings = {
				ALWAYS_SEARCH_USER_PATHS = NO;
				CLANG_CXX_LANGUAGE_STANDARD = "gnu++0x";
				CLANG_CXX_LIBRARY = "libc++";
				CLANG_ENABLE_MODULES = YES;
				CLANG_ENABLE_OBJC_ARC = YES;
				CLANG_WARN_BOOL_CONVERSION = YES;
				CLANG_WARN_CONSTANT_CONVERSION = YES;
				CLANG_WARN_DIRECT_OBJC_ISA_USAGE = YES_ERROR;
				CLANG_WARN_EMPTY_BODY = YES;
				CLANG_WARN_ENUM_CONVERSION = YES;
				CLANG_WARN_INT_CONVERSION = YES;
				CLANG_WARN_OBJC_ROOT_CLASS = YES_ERROR;
				CLANG_WARN__DUPLICATE_METHOD_MATCH = YES;
				COMBINE_HIDPI_IMAGES = YES;
				COPY_PHASE_STRIP = NO;
				GCC_C_LANGUAGE_STANDARD = gnu99;
				GCC_DYNAMIC_NO_PIC = NO;
				GCC_ENABLE_OBJC_EXCEPTIONS = YES;
				GCC_INCREASE_PRECOMPILED_HEADER_SHARING = YES;
				GCC_OPTIMIZATION_LEVEL = 0;
				GCC_PRECOMPILE_PREFIX_HEADER = YES;
				GCC_PREFIX_HEADER = Hammer/Hammer.pch;
				GCC_PREPROCESSOR_DEFINITIONS = (
					"DEBUG=1",
					"$(inherited)",
				);
				GCC_SYMBOLS_PRIVATE_EXTERN = NO;
				GCC_WARN_64_TO_32_BIT_CONVERSION = YES;
				GCC_WARN_ABOUT_RETURN_TYPE = YES_ERROR;
				GCC_WARN_UNDECLARED_SELECTOR = YES;
				GCC_WARN_UNINITIALIZED_AUTOS = YES_AGGRESSIVE;
				GCC_WARN_UNUSED_FUNCTION = YES;
				GCC_WARN_UNUSED_VARIABLE = YES;
				MACOSX_DEPLOYMENT_TARGET = 10.9;
				ONLY_ACTIVE_ARCH = YES;
				SDKROOT = macosx;
			};
			name = Debug;
		};
		D4ACA5DA18DD188A00EBD899 /* Release */ = {
			isa = XCBuildConfiguration;
			buildSettings = {
				ALWAYS_SEARCH_USER_PATHS = NO;
				CLANG_CXX_LANGUAGE_STANDARD = "gnu++0x";
				CLANG_CXX_LIBRARY = "libc++";
				CLANG_ENABLE_MODULES = YES;
				CLANG_ENABLE_OBJC_ARC = YES;
				CLANG_WARN_BOOL_CONVERSION = YES;
				CLANG_WARN_CONSTANT_CONVERSION = YES;
				CLANG_WARN_DIRECT_OBJC_ISA_USAGE = YES_ERROR;
				CLANG_WARN_EMPTY_BODY = YES;
				CLANG_WARN_ENUM_CONVERSION = YES;
				CLANG_WARN_INT_CONVERSION = YES;
				CLANG_WARN_OBJC_ROOT_CLASS = YES_ERROR;
				CLANG_WARN__DUPLICATE_METHOD_MATCH = YES;
				COMBINE_HIDPI_IMAGES = YES;
				COPY_PHASE_STRIP = YES;
				DEBUG_INFORMATION_FORMAT = "dwarf-with-dsym";
				ENABLE_NS_ASSERTIONS = NO;
				GCC_C_LANGUAGE_STANDARD = gnu99;
				GCC_ENABLE_OBJC_EXCEPTIONS = YES;
				GCC_INCREASE_PRECOMPILED_HEADER_SHARING = YES;
				GCC_PRECOMPILE_PREFIX_HEADER = YES;
				GCC_PREFIX_HEADER = Hammer/Hammer.pch;
				GCC_WARN_64_TO_32_BIT_CONVERSION = YES;
				GCC_WARN_ABOUT_RETURN_TYPE = YES_ERROR;
				GCC_WARN_UNDECLARED_SELECTOR = YES;
				GCC_WARN_UNINITIALIZED_AUTOS = YES_AGGRESSIVE;
				GCC_WARN_UNUSED_FUNCTION = YES;
				GCC_WARN_UNUSED_VARIABLE = YES;
				MACOSX_DEPLOYMENT_TARGET = 10.9;
				SDKROOT = macosx;
			};
			name = Release;
		};
		D4ACA5DC18DD188A00EBD899 /* Debug */ = {
			isa = XCBuildConfiguration;
			buildSettings = {
				DYLIB_COMPATIBILITY_VERSION = 1;
				DYLIB_CURRENT_VERSION = 1;
				FRAMEWORK_SEARCH_PATHS = (
					"$(inherited)",
					"$(DEVELOPER_FRAMEWORKS_DIR)",
				);
				FRAMEWORK_VERSION = A;
				INFOPLIST_FILE = "Hammer/Hammer-Info.plist";
				INSTALL_PATH = "@rpath";
				PRODUCT_NAME = "$(TARGET_NAME)";
				WRAPPER_EXTENSION = framework;
			};
			name = Debug;
		};
		D4ACA5DD18DD188A00EBD899 /* Release */ = {
			isa = XCBuildConfiguration;
			buildSettings = {
				DYLIB_COMPATIBILITY_VERSION = 1;
				DYLIB_CURRENT_VERSION = 1;
				FRAMEWORK_SEARCH_PATHS = (
					"$(inherited)",
					"$(DEVELOPER_FRAMEWORKS_DIR)",
				);
				FRAMEWORK_VERSION = A;
				INFOPLIST_FILE = "Hammer/Hammer-Info.plist";
				INSTALL_PATH = "@rpath";
				PRODUCT_NAME = "$(TARGET_NAME)";
				WRAPPER_EXTENSION = framework;
			};
			name = Release;
		};
/* End XCBuildConfiguration section */

/* Begin XCConfigurationList section */
		D40D7B2018E27E070065BB70 /* Build configuration list for PBXNativeTarget "Hammer Tests" */ = {
			isa = XCConfigurationList;
			buildConfigurations = (
				D40D7B2118E27E070065BB70 /* Debug */,
				D40D7B2218E27E070065BB70 /* Release */,
			);
			defaultConfigurationIsVisible = 0;
			defaultConfigurationName = Release;
		};
		D4ACA5AD18DD188A00EBD899 /* Build configuration list for PBXProject "Hammer" */ = {
			isa = XCConfigurationList;
			buildConfigurations = (
				D4ACA5D918DD188A00EBD899 /* Debug */,
				D4ACA5DA18DD188A00EBD899 /* Release */,
			);
			defaultConfigurationIsVisible = 0;
			defaultConfigurationName = Release;
		};
		D4ACA5DB18DD188A00EBD899 /* Build configuration list for PBXNativeTarget "Hammer" */ = {
			isa = XCConfigurationList;
			buildConfigurations = (
				D4ACA5DC18DD188A00EBD899 /* Debug */,
				D4ACA5DD18DD188A00EBD899 /* Release */,
			);
			defaultConfigurationIsVisible = 0;
			defaultConfigurationName = Release;
		};
/* End XCConfigurationList section */
	};
	rootObject = D4ACA5AA18DD188A00EBD899 /* Project object */;
}
