// !$*UTF8*$!
{
	archiveVersion = 1;
	classes = {
	};
	objectVersion = 46;
	objects = {

/* Begin PBXBuildFile section */
		D47F92E81597C81A00B61C32 /* Cocoa.framework in Frameworks */ = {isa = PBXBuildFile; fileRef = D47F92E71597C81A00B61C32 /* Cocoa.framework */; };
		D47F92FA1597C81A00B61C32 /* SenTestingKit.framework in Frameworks */ = {isa = PBXBuildFile; fileRef = D47F92F91597C81A00B61C32 /* SenTestingKit.framework */; };
		D47F92FB1597C81A00B61C32 /* Cocoa.framework in Frameworks */ = {isa = PBXBuildFile; fileRef = D47F92E71597C81A00B61C32 /* Cocoa.framework */; };
		D47F92FE1597C81A00B61C32 /* libHammer.a in Frameworks */ = {isa = PBXBuildFile; fileRef = D47F92E41597C81A00B61C32 /* libHammer.a */; };
		D47F93041597C81A00B61C32 /* InfoPlist.strings in Resources */ = {isa = PBXBuildFile; fileRef = D47F93021597C81A00B61C32 /* InfoPlist.strings */; };
		D47F93181598250A00B61C32 /* HammerBlockPattern.h in Headers */ = {isa = PBXBuildFile; fileRef = D47F93161598250A00B61C32 /* HammerBlockPattern.h */; };
		D47F93191598250A00B61C32 /* HammerBlockPattern.m in Sources */ = {isa = PBXBuildFile; fileRef = D47F93171598250A00B61C32 /* HammerBlockPattern.m */; };
		D48A8D40159954E50069AC6F /* HammerEqualsPattern.h in Headers */ = {isa = PBXBuildFile; fileRef = D48A8D3E159954E50069AC6F /* HammerEqualsPattern.h */; };
		D48A8D41159954E50069AC6F /* HammerEqualsPattern.m in Sources */ = {isa = PBXBuildFile; fileRef = D48A8D3F159954E50069AC6F /* HammerEqualsPattern.m */; };
		D48A8D431599557A0069AC6F /* HammerEqualsPatternTests.m in Sources */ = {isa = PBXBuildFile; fileRef = D48A8D421599557A0069AC6F /* HammerEqualsPatternTests.m */; };
		D48A8D4A159A8E420069AC6F /* HammerAlternationPattern.h in Headers */ = {isa = PBXBuildFile; fileRef = D48A8D48159A8E420069AC6F /* HammerAlternationPattern.h */; };
		D48A8D4B159A8E420069AC6F /* HammerAlternationPattern.m in Sources */ = {isa = PBXBuildFile; fileRef = D48A8D49159A8E420069AC6F /* HammerAlternationPattern.m */; };
		D48A8D4D159A95430069AC6F /* HammerAlternationPatternTests.m in Sources */ = {isa = PBXBuildFile; fileRef = D48A8D4C159A95430069AC6F /* HammerAlternationPatternTests.m */; };
		D48A8D4F159BD0200069AC6F /* HammerPattern.h in Headers */ = {isa = PBXBuildFile; fileRef = D48A8D4E159BD0200069AC6F /* HammerPattern.h */; };
		D48A8D52159BD1480069AC6F /* HammerNullPattern.h in Headers */ = {isa = PBXBuildFile; fileRef = D48A8D50159BD1480069AC6F /* HammerNullPattern.h */; };
		D48A8D53159BD1480069AC6F /* HammerNullPattern.m in Sources */ = {isa = PBXBuildFile; fileRef = D48A8D51159BD1480069AC6F /* HammerNullPattern.m */; };
		D48A8D56159BD2920069AC6F /* HammerBlankPattern.h in Headers */ = {isa = PBXBuildFile; fileRef = D48A8D54159BD2920069AC6F /* HammerBlankPattern.h */; };
		D48A8D57159BD2920069AC6F /* HammerBlankPattern.m in Sources */ = {isa = PBXBuildFile; fileRef = D48A8D55159BD2920069AC6F /* HammerBlankPattern.m */; };
		D48A8D5A159BD3470069AC6F /* HammerConcatenationPattern.h in Headers */ = {isa = PBXBuildFile; fileRef = D48A8D58159BD3470069AC6F /* HammerConcatenationPattern.h */; };
		D48A8D5B159BD3470069AC6F /* HammerConcatenationPattern.m in Sources */ = {isa = PBXBuildFile; fileRef = D48A8D59159BD3470069AC6F /* HammerConcatenationPattern.m */; };
		D48A8D5E159BE4280069AC6F /* HammerRepetitionPattern.h in Headers */ = {isa = PBXBuildFile; fileRef = D48A8D5C159BE4280069AC6F /* HammerRepetitionPattern.h */; };
		D48A8D5F159BE4280069AC6F /* HammerRepetitionPattern.m in Sources */ = {isa = PBXBuildFile; fileRef = D48A8D5D159BE4280069AC6F /* HammerRepetitionPattern.m */; };
		D48A8D61159BE8810069AC6F /* HammerPattern.m in Sources */ = {isa = PBXBuildFile; fileRef = D48A8D60159BE8810069AC6F /* HammerPattern.m */; };
		D48A8D63159BE8BF0069AC6F /* HammerPatternTests.m in Sources */ = {isa = PBXBuildFile; fileRef = D48A8D62159BE8BF0069AC6F /* HammerPatternTests.m */; };
		D48A8D7015A12D3E0069AC6F /* HammerDerivativePattern.h in Headers */ = {isa = PBXBuildFile; fileRef = D48A8D6E15A12D3D0069AC6F /* HammerDerivativePattern.h */; };
		D48A8D7115A12D3E0069AC6F /* HammerDerivativePattern.m in Sources */ = {isa = PBXBuildFile; fileRef = D48A8D6F15A12D3E0069AC6F /* HammerDerivativePattern.m */; };
		D48A8DB315A13D690069AC6F /* HammerReferencePattern.h in Headers */ = {isa = PBXBuildFile; fileRef = D48A8DB115A13D690069AC6F /* HammerReferencePattern.h */; };
		D48A8DB415A13D690069AC6F /* HammerReferencePattern.m in Sources */ = {isa = PBXBuildFile; fileRef = D48A8DB215A13D690069AC6F /* HammerReferencePattern.m */; };
		D49E293F15A3DFDB00516833 /* HammerReferencePatternTests.m in Sources */ = {isa = PBXBuildFile; fileRef = D49E293E15A3DFDB00516833 /* HammerReferencePatternTests.m */; };
/* End PBXBuildFile section */

/* Begin PBXContainerItemProxy section */
		D47F92FC1597C81A00B61C32 /* PBXContainerItemProxy */ = {
			isa = PBXContainerItemProxy;
			containerPortal = D47F92DB1597C81A00B61C32 /* Project object */;
			proxyType = 1;
			remoteGlobalIDString = D47F92E31597C81A00B61C32;
			remoteInfo = Hammer;
		};
/* End PBXContainerItemProxy section */

/* Begin PBXFileReference section */
		D47F92E41597C81A00B61C32 /* libHammer.a */ = {isa = PBXFileReference; explicitFileType = archive.ar; includeInIndex = 0; path = libHammer.a; sourceTree = BUILT_PRODUCTS_DIR; };
		D47F92E71597C81A00B61C32 /* Cocoa.framework */ = {isa = PBXFileReference; lastKnownFileType = wrapper.framework; name = Cocoa.framework; path = System/Library/Frameworks/Cocoa.framework; sourceTree = SDKROOT; };
		D47F92EA1597C81A00B61C32 /* AppKit.framework */ = {isa = PBXFileReference; lastKnownFileType = wrapper.framework; name = AppKit.framework; path = System/Library/Frameworks/AppKit.framework; sourceTree = SDKROOT; };
		D47F92EB1597C81A00B61C32 /* CoreData.framework */ = {isa = PBXFileReference; lastKnownFileType = wrapper.framework; name = CoreData.framework; path = System/Library/Frameworks/CoreData.framework; sourceTree = SDKROOT; };
		D47F92EC1597C81A00B61C32 /* Foundation.framework */ = {isa = PBXFileReference; lastKnownFileType = wrapper.framework; name = Foundation.framework; path = System/Library/Frameworks/Foundation.framework; sourceTree = SDKROOT; };
		D47F92EF1597C81A00B61C32 /* Hammer-Prefix.pch */ = {isa = PBXFileReference; lastKnownFileType = sourcecode.c.h; path = "Hammer-Prefix.pch"; sourceTree = "<group>"; };
		D47F92F01597C81A00B61C32 /* Hammer.h */ = {isa = PBXFileReference; lastKnownFileType = sourcecode.c.h; path = Hammer.h; sourceTree = "<group>"; };
		D47F92F81597C81A00B61C32 /* HammerTests.octest */ = {isa = PBXFileReference; explicitFileType = wrapper.cfbundle; includeInIndex = 0; path = HammerTests.octest; sourceTree = BUILT_PRODUCTS_DIR; };
		D47F92F91597C81A00B61C32 /* SenTestingKit.framework */ = {isa = PBXFileReference; lastKnownFileType = wrapper.framework; name = SenTestingKit.framework; path = Library/Frameworks/SenTestingKit.framework; sourceTree = DEVELOPER_DIR; };
		D47F93011597C81A00B61C32 /* HammerTests-Info.plist */ = {isa = PBXFileReference; lastKnownFileType = text.plist.xml; path = "HammerTests-Info.plist"; sourceTree = "<group>"; };
		D47F93031597C81A00B61C32 /* en */ = {isa = PBXFileReference; lastKnownFileType = text.plist.strings; name = en; path = en.lproj/InfoPlist.strings; sourceTree = "<group>"; };
		D47F93161598250A00B61C32 /* HammerBlockPattern.h */ = {isa = PBXFileReference; fileEncoding = 4; lastKnownFileType = sourcecode.c.h; path = HammerBlockPattern.h; sourceTree = "<group>"; };
		D47F93171598250A00B61C32 /* HammerBlockPattern.m */ = {isa = PBXFileReference; fileEncoding = 4; lastKnownFileType = sourcecode.c.objc; path = HammerBlockPattern.m; sourceTree = "<group>"; };
		D48A8D3E159954E50069AC6F /* HammerEqualsPattern.h */ = {isa = PBXFileReference; fileEncoding = 4; lastKnownFileType = sourcecode.c.h; path = HammerEqualsPattern.h; sourceTree = "<group>"; };
		D48A8D3F159954E50069AC6F /* HammerEqualsPattern.m */ = {isa = PBXFileReference; fileEncoding = 4; lastKnownFileType = sourcecode.c.objc; path = HammerEqualsPattern.m; sourceTree = "<group>"; };
		D48A8D421599557A0069AC6F /* HammerEqualsPatternTests.m */ = {isa = PBXFileReference; fileEncoding = 4; lastKnownFileType = sourcecode.c.objc; path = HammerEqualsPatternTests.m; sourceTree = "<group>"; };
		D48A8D48159A8E420069AC6F /* HammerAlternationPattern.h */ = {isa = PBXFileReference; fileEncoding = 4; lastKnownFileType = sourcecode.c.h; path = HammerAlternationPattern.h; sourceTree = "<group>"; };
		D48A8D49159A8E420069AC6F /* HammerAlternationPattern.m */ = {isa = PBXFileReference; fileEncoding = 4; lastKnownFileType = sourcecode.c.objc; path = HammerAlternationPattern.m; sourceTree = "<group>"; };
		D48A8D4C159A95430069AC6F /* HammerAlternationPatternTests.m */ = {isa = PBXFileReference; fileEncoding = 4; lastKnownFileType = sourcecode.c.objc; path = HammerAlternationPatternTests.m; sourceTree = "<group>"; };
		D48A8D4E159BD0200069AC6F /* HammerPattern.h */ = {isa = PBXFileReference; fileEncoding = 4; lastKnownFileType = sourcecode.c.h; lineEnding = 0; path = HammerPattern.h; sourceTree = "<group>"; xcLanguageSpecificationIdentifier = xcode.lang.objcpp; };
		D48A8D50159BD1480069AC6F /* HammerNullPattern.h */ = {isa = PBXFileReference; fileEncoding = 4; lastKnownFileType = sourcecode.c.h; path = HammerNullPattern.h; sourceTree = "<group>"; };
		D48A8D51159BD1480069AC6F /* HammerNullPattern.m */ = {isa = PBXFileReference; fileEncoding = 4; lastKnownFileType = sourcecode.c.objc; path = HammerNullPattern.m; sourceTree = "<group>"; };
		D48A8D54159BD2920069AC6F /* HammerBlankPattern.h */ = {isa = PBXFileReference; fileEncoding = 4; lastKnownFileType = sourcecode.c.h; path = HammerBlankPattern.h; sourceTree = "<group>"; };
		D48A8D55159BD2920069AC6F /* HammerBlankPattern.m */ = {isa = PBXFileReference; fileEncoding = 4; lastKnownFileType = sourcecode.c.objc; path = HammerBlankPattern.m; sourceTree = "<group>"; };
		D48A8D58159BD3470069AC6F /* HammerConcatenationPattern.h */ = {isa = PBXFileReference; fileEncoding = 4; lastKnownFileType = sourcecode.c.h; path = HammerConcatenationPattern.h; sourceTree = "<group>"; };
		D48A8D59159BD3470069AC6F /* HammerConcatenationPattern.m */ = {isa = PBXFileReference; fileEncoding = 4; lastKnownFileType = sourcecode.c.objc; path = HammerConcatenationPattern.m; sourceTree = "<group>"; };
		D48A8D5C159BE4280069AC6F /* HammerRepetitionPattern.h */ = {isa = PBXFileReference; fileEncoding = 4; lastKnownFileType = sourcecode.c.h; path = HammerRepetitionPattern.h; sourceTree = "<group>"; };
		D48A8D5D159BE4280069AC6F /* HammerRepetitionPattern.m */ = {isa = PBXFileReference; fileEncoding = 4; lastKnownFileType = sourcecode.c.objc; path = HammerRepetitionPattern.m; sourceTree = "<group>"; };
		D48A8D60159BE8810069AC6F /* HammerPattern.m */ = {isa = PBXFileReference; fileEncoding = 4; lastKnownFileType = sourcecode.c.objc; lineEnding = 0; path = HammerPattern.m; sourceTree = "<group>"; xcLanguageSpecificationIdentifier = xcode.lang.objc; };
		D48A8D62159BE8BF0069AC6F /* HammerPatternTests.m */ = {isa = PBXFileReference; fileEncoding = 4; lastKnownFileType = sourcecode.c.objc; path = HammerPatternTests.m; sourceTree = "<group>"; };
		D48A8D6E15A12D3D0069AC6F /* HammerDerivativePattern.h */ = {isa = PBXFileReference; fileEncoding = 4; lastKnownFileType = sourcecode.c.h; path = HammerDerivativePattern.h; sourceTree = "<group>"; };
		D48A8D6F15A12D3E0069AC6F /* HammerDerivativePattern.m */ = {isa = PBXFileReference; fileEncoding = 4; lastKnownFileType = sourcecode.c.objc; path = HammerDerivativePattern.m; sourceTree = "<group>"; };
		D48A8DB115A13D690069AC6F /* HammerReferencePattern.h */ = {isa = PBXFileReference; fileEncoding = 4; lastKnownFileType = sourcecode.c.h; path = HammerReferencePattern.h; sourceTree = "<group>"; };
		D48A8DB215A13D690069AC6F /* HammerReferencePattern.m */ = {isa = PBXFileReference; fileEncoding = 4; lastKnownFileType = sourcecode.c.objc; path = HammerReferencePattern.m; sourceTree = "<group>"; };
		D49E293E15A3DFDB00516833 /* HammerReferencePatternTests.m */ = {isa = PBXFileReference; fileEncoding = 4; lastKnownFileType = sourcecode.c.objc; path = HammerReferencePatternTests.m; sourceTree = "<group>"; };
/* End PBXFileReference section */

/* Begin PBXFrameworksBuildPhase section */
		D47F92E11597C81A00B61C32 /* Frameworks */ = {
			isa = PBXFrameworksBuildPhase;
			buildActionMask = 2147483647;
			files = (
				D47F92E81597C81A00B61C32 /* Cocoa.framework in Frameworks */,
			);
			runOnlyForDeploymentPostprocessing = 0;
		};
		D47F92F41597C81A00B61C32 /* Frameworks */ = {
			isa = PBXFrameworksBuildPhase;
			buildActionMask = 2147483647;
			files = (
				D47F92FA1597C81A00B61C32 /* SenTestingKit.framework in Frameworks */,
				D47F92FB1597C81A00B61C32 /* Cocoa.framework in Frameworks */,
				D47F92FE1597C81A00B61C32 /* libHammer.a in Frameworks */,
			);
			runOnlyForDeploymentPostprocessing = 0;
		};
/* End PBXFrameworksBuildPhase section */

/* Begin PBXGroup section */
		D47F92D91597C81A00B61C32 = {
			isa = PBXGroup;
			children = (
				D47F92ED1597C81A00B61C32 /* Hammer */,
				D47F92FF1597C81A00B61C32 /* HammerTests */,
				D47F92E61597C81A00B61C32 /* Frameworks */,
				D47F92E51597C81A00B61C32 /* Products */,
			);
			sourceTree = "<group>";
		};
		D47F92E51597C81A00B61C32 /* Products */ = {
			isa = PBXGroup;
			children = (
				D47F92E41597C81A00B61C32 /* libHammer.a */,
				D47F92F81597C81A00B61C32 /* HammerTests.octest */,
			);
			name = Products;
			sourceTree = "<group>";
		};
		D47F92E61597C81A00B61C32 /* Frameworks */ = {
			isa = PBXGroup;
			children = (
				D47F92E71597C81A00B61C32 /* Cocoa.framework */,
				D47F92F91597C81A00B61C32 /* SenTestingKit.framework */,
				D47F92E91597C81A00B61C32 /* Other Frameworks */,
			);
			name = Frameworks;
			sourceTree = "<group>";
		};
		D47F92E91597C81A00B61C32 /* Other Frameworks */ = {
			isa = PBXGroup;
			children = (
				D47F92EA1597C81A00B61C32 /* AppKit.framework */,
				D47F92EB1597C81A00B61C32 /* CoreData.framework */,
				D47F92EC1597C81A00B61C32 /* Foundation.framework */,
			);
			name = "Other Frameworks";
			sourceTree = "<group>";
		};
		D47F92ED1597C81A00B61C32 /* Hammer */ = {
			isa = PBXGroup;
			children = (
				D47F92F01597C81A00B61C32 /* Hammer.h */,
				D48A8D48159A8E420069AC6F /* HammerAlternationPattern.h */,
				D48A8D49159A8E420069AC6F /* HammerAlternationPattern.m */,
				D48A8D54159BD2920069AC6F /* HammerBlankPattern.h */,
				D48A8D55159BD2920069AC6F /* HammerBlankPattern.m */,
				D47F93161598250A00B61C32 /* HammerBlockPattern.h */,
				D47F93171598250A00B61C32 /* HammerBlockPattern.m */,
				D48A8D6E15A12D3D0069AC6F /* HammerDerivativePattern.h */,
				D48A8D6F15A12D3E0069AC6F /* HammerDerivativePattern.m */,
				D48A8D58159BD3470069AC6F /* HammerConcatenationPattern.h */,
				D48A8D59159BD3470069AC6F /* HammerConcatenationPattern.m */,
				D48A8D3E159954E50069AC6F /* HammerEqualsPattern.h */,
				D48A8D3F159954E50069AC6F /* HammerEqualsPattern.m */,
				D48A8D50159BD1480069AC6F /* HammerNullPattern.h */,
				D48A8D51159BD1480069AC6F /* HammerNullPattern.m */,
				D48A8D4E159BD0200069AC6F /* HammerPattern.h */,
				D48A8D60159BE8810069AC6F /* HammerPattern.m */,
				D48A8DB115A13D690069AC6F /* HammerReferencePattern.h */,
				D48A8DB215A13D690069AC6F /* HammerReferencePattern.m */,
				D48A8D5C159BE4280069AC6F /* HammerRepetitionPattern.h */,
				D48A8D5D159BE4280069AC6F /* HammerRepetitionPattern.m */,
				D47F92EE1597C81A00B61C32 /* Supporting Files */,
			);
			path = Hammer;
			sourceTree = "<group>";
		};
		D47F92EE1597C81A00B61C32 /* Supporting Files */ = {
			isa = PBXGroup;
			children = (
				D47F92EF1597C81A00B61C32 /* Hammer-Prefix.pch */,
			);
			name = "Supporting Files";
			sourceTree = "<group>";
		};
		D47F92FF1597C81A00B61C32 /* HammerTests */ = {
			isa = PBXGroup;
			children = (
				D48A8D4C159A95430069AC6F /* HammerAlternationPatternTests.m */,
				D48A8D421599557A0069AC6F /* HammerEqualsPatternTests.m */,
				D48A8D62159BE8BF0069AC6F /* HammerPatternTests.m */,
				D49E293E15A3DFDB00516833 /* HammerReferencePatternTests.m */,
				D47F93001597C81A00B61C32 /* Supporting Files */,
			);
			path = HammerTests;
			sourceTree = "<group>";
		};
		D47F93001597C81A00B61C32 /* Supporting Files */ = {
			isa = PBXGroup;
			children = (
				D47F93011597C81A00B61C32 /* HammerTests-Info.plist */,
				D47F93021597C81A00B61C32 /* InfoPlist.strings */,
			);
			name = "Supporting Files";
			sourceTree = "<group>";
		};
/* End PBXGroup section */

/* Begin PBXHeadersBuildPhase section */
		D47F92E21597C81A00B61C32 /* Headers */ = {
			isa = PBXHeadersBuildPhase;
			buildActionMask = 2147483647;
			files = (
				D47F93181598250A00B61C32 /* HammerBlockPattern.h in Headers */,
				D48A8D40159954E50069AC6F /* HammerEqualsPattern.h in Headers */,
				D48A8D4A159A8E420069AC6F /* HammerAlternationPattern.h in Headers */,
				D48A8D4F159BD0200069AC6F /* HammerPattern.h in Headers */,
				D48A8D52159BD1480069AC6F /* HammerNullPattern.h in Headers */,
				D48A8D56159BD2920069AC6F /* HammerBlankPattern.h in Headers */,
				D48A8D5A159BD3470069AC6F /* HammerConcatenationPattern.h in Headers */,
				D48A8D5E159BE4280069AC6F /* HammerRepetitionPattern.h in Headers */,
				D48A8D7015A12D3E0069AC6F /* HammerDerivativePattern.h in Headers */,
				D48A8DB315A13D690069AC6F /* HammerReferencePattern.h in Headers */,
			);
			runOnlyForDeploymentPostprocessing = 0;
		};
/* End PBXHeadersBuildPhase section */

/* Begin PBXNativeTarget section */
		D47F92E31597C81A00B61C32 /* Hammer */ = {
			isa = PBXNativeTarget;
			buildConfigurationList = D47F930A1597C81A00B61C32 /* Build configuration list for PBXNativeTarget "Hammer" */;
			buildPhases = (
				D47F92E01597C81A00B61C32 /* Sources */,
				D47F92E11597C81A00B61C32 /* Frameworks */,
				D47F92E21597C81A00B61C32 /* Headers */,
			);
			buildRules = (
			);
			dependencies = (
			);
			name = Hammer;
			productName = Hammer;
			productReference = D47F92E41597C81A00B61C32 /* libHammer.a */;
			productType = "com.apple.product-type.library.static";
		};
		D47F92F71597C81A00B61C32 /* HammerTests */ = {
			isa = PBXNativeTarget;
			buildConfigurationList = D47F930D1597C81A00B61C32 /* Build configuration list for PBXNativeTarget "HammerTests" */;
			buildPhases = (
				D47F92F31597C81A00B61C32 /* Sources */,
				D47F92F41597C81A00B61C32 /* Frameworks */,
				D47F92F51597C81A00B61C32 /* Resources */,
				D47F92F61597C81A00B61C32 /* ShellScript */,
			);
			buildRules = (
			);
			dependencies = (
				D47F92FD1597C81A00B61C32 /* PBXTargetDependency */,
			);
			name = HammerTests;
			productName = HammerTests;
			productReference = D47F92F81597C81A00B61C32 /* HammerTests.octest */;
			productType = "com.apple.product-type.bundle";
		};
/* End PBXNativeTarget section */

/* Begin PBXProject section */
		D47F92DB1597C81A00B61C32 /* Project object */ = {
			isa = PBXProject;
			attributes = {
				CLASSPREFIX = Hammer;
				LastUpgradeCheck = 0430;
				ORGANIZATIONNAME = "Monochrome Industries";
			};
			buildConfigurationList = D47F92DE1597C81A00B61C32 /* Build configuration list for PBXProject "Hammer" */;
			compatibilityVersion = "Xcode 3.2";
			developmentRegion = English;
			hasScannedForEncodings = 0;
			knownRegions = (
				en,
			);
			mainGroup = D47F92D91597C81A00B61C32;
			productRefGroup = D47F92E51597C81A00B61C32 /* Products */;
			projectDirPath = "";
			projectRoot = "";
			targets = (
				D47F92E31597C81A00B61C32 /* Hammer */,
				D47F92F71597C81A00B61C32 /* HammerTests */,
			);
		};
/* End PBXProject section */

/* Begin PBXResourcesBuildPhase section */
		D47F92F51597C81A00B61C32 /* Resources */ = {
			isa = PBXResourcesBuildPhase;
			buildActionMask = 2147483647;
			files = (
				D47F93041597C81A00B61C32 /* InfoPlist.strings in Resources */,
			);
			runOnlyForDeploymentPostprocessing = 0;
		};
/* End PBXResourcesBuildPhase section */

/* Begin PBXShellScriptBuildPhase section */
		D47F92F61597C81A00B61C32 /* ShellScript */ = {
			isa = PBXShellScriptBuildPhase;
			buildActionMask = 2147483647;
			files = (
			);
			inputPaths = (
			);
			outputPaths = (
			);
			runOnlyForDeploymentPostprocessing = 0;
			shellPath = /bin/sh;
			shellScript = "# Run the unit tests in this test bundle.\n\"${SYSTEM_DEVELOPER_DIR}/Tools/RunUnitTests\"\n";
		};
/* End PBXShellScriptBuildPhase section */

/* Begin PBXSourcesBuildPhase section */
		D47F92E01597C81A00B61C32 /* Sources */ = {
			isa = PBXSourcesBuildPhase;
			buildActionMask = 2147483647;
			files = (
				D47F93191598250A00B61C32 /* HammerBlockPattern.m in Sources */,
				D48A8D41159954E50069AC6F /* HammerEqualsPattern.m in Sources */,
				D48A8D4B159A8E420069AC6F /* HammerAlternationPattern.m in Sources */,
				D48A8D53159BD1480069AC6F /* HammerNullPattern.m in Sources */,
				D48A8D57159BD2920069AC6F /* HammerBlankPattern.m in Sources */,
				D48A8D5B159BD3470069AC6F /* HammerConcatenationPattern.m in Sources */,
				D48A8D5F159BE4280069AC6F /* HammerRepetitionPattern.m in Sources */,
				D48A8D61159BE8810069AC6F /* HammerPattern.m in Sources */,
				D48A8D7115A12D3E0069AC6F /* HammerDerivativePattern.m in Sources */,
				D48A8DB415A13D690069AC6F /* HammerReferencePattern.m in Sources */,
			);
			runOnlyForDeploymentPostprocessing = 0;
		};
		D47F92F31597C81A00B61C32 /* Sources */ = {
			isa = PBXSourcesBuildPhase;
			buildActionMask = 2147483647;
			files = (
				D48A8D431599557A0069AC6F /* HammerEqualsPatternTests.m in Sources */,
				D48A8D4D159A95430069AC6F /* HammerAlternationPatternTests.m in Sources */,
				D48A8D63159BE8BF0069AC6F /* HammerPatternTests.m in Sources */,
				D49E293F15A3DFDB00516833 /* HammerReferencePatternTests.m in Sources */,
			);
			runOnlyForDeploymentPostprocessing = 0;
		};
/* End PBXSourcesBuildPhase section */

/* Begin PBXTargetDependency section */
		D47F92FD1597C81A00B61C32 /* PBXTargetDependency */ = {
			isa = PBXTargetDependency;
			target = D47F92E31597C81A00B61C32 /* Hammer */;
			targetProxy = D47F92FC1597C81A00B61C32 /* PBXContainerItemProxy */;
		};
/* End PBXTargetDependency section */

/* Begin PBXVariantGroup section */
		D47F93021597C81A00B61C32 /* InfoPlist.strings */ = {
			isa = PBXVariantGroup;
			children = (
				D47F93031597C81A00B61C32 /* en */,
			);
			name = InfoPlist.strings;
			sourceTree = "<group>";
		};
/* End PBXVariantGroup section */

/* Begin XCBuildConfiguration section */
		D47F93081597C81A00B61C32 /* Debug */ = {
			isa = XCBuildConfiguration;
			buildSettings = {
				ALWAYS_SEARCH_USER_PATHS = NO;
				ARCHS = "$(ARCHS_STANDARD_64_BIT)";
				CLANG_ENABLE_OBJC_ARC = YES;
				COPY_PHASE_STRIP = NO;
				GCC_C_LANGUAGE_STANDARD = gnu99;
				GCC_DYNAMIC_NO_PIC = NO;
				GCC_ENABLE_OBJC_EXCEPTIONS = YES;
				GCC_OPTIMIZATION_LEVEL = 0;
				GCC_PREPROCESSOR_DEFINITIONS = (
					"DEBUG=1",
					"$(inherited)",
				);
				GCC_SYMBOLS_PRIVATE_EXTERN = NO;
				GCC_VERSION = com.apple.compilers.llvm.clang.1_0;
				GCC_WARN_64_TO_32_BIT_CONVERSION = YES;
				GCC_WARN_ABOUT_RETURN_TYPE = YES;
				GCC_WARN_UNINITIALIZED_AUTOS = YES;
				GCC_WARN_UNUSED_VARIABLE = YES;
				MACOSX_DEPLOYMENT_TARGET = 10.7;
				ONLY_ACTIVE_ARCH = YES;
				SDKROOT = macosx;
			};
			name = Debug;
		};
		D47F93091597C81A00B61C32 /* Release */ = {
			isa = XCBuildConfiguration;
			buildSettings = {
				ALWAYS_SEARCH_USER_PATHS = NO;
				ARCHS = "$(ARCHS_STANDARD_64_BIT)";
				CLANG_ENABLE_OBJC_ARC = YES;
				COPY_PHASE_STRIP = YES;
				DEBUG_INFORMATION_FORMAT = "dwarf-with-dsym";
				GCC_C_LANGUAGE_STANDARD = gnu99;
				GCC_ENABLE_OBJC_EXCEPTIONS = YES;
				GCC_VERSION = com.apple.compilers.llvm.clang.1_0;
				GCC_WARN_64_TO_32_BIT_CONVERSION = YES;
				GCC_WARN_ABOUT_RETURN_TYPE = YES;
				GCC_WARN_UNINITIALIZED_AUTOS = YES;
				GCC_WARN_UNUSED_VARIABLE = YES;
				MACOSX_DEPLOYMENT_TARGET = 10.7;
				SDKROOT = macosx;
			};
			name = Release;
		};
		D47F930B1597C81A00B61C32 /* Debug */ = {
			isa = XCBuildConfiguration;
			buildSettings = {
				GCC_PRECOMPILE_PREFIX_HEADER = YES;
				GCC_PREFIX_HEADER = "Hammer/Hammer-Prefix.pch";
				HEADER_SEARCH_PATHS = "$(SRCROOT)/**";
				PRODUCT_NAME = "$(TARGET_NAME)";
			};
			name = Debug;
		};
		D47F930C1597C81A00B61C32 /* Release */ = {
			isa = XCBuildConfiguration;
			buildSettings = {
				GCC_PRECOMPILE_PREFIX_HEADER = YES;
				GCC_PREFIX_HEADER = "Hammer/Hammer-Prefix.pch";
				HEADER_SEARCH_PATHS = "$(SRCROOT)/**";
				PRODUCT_NAME = "$(TARGET_NAME)";
			};
			name = Release;
		};
		D47F930E1597C81A00B61C32 /* Debug */ = {
			isa = XCBuildConfiguration;
			buildSettings = {
				FRAMEWORK_SEARCH_PATHS = "$(DEVELOPER_LIBRARY_DIR)/Frameworks";
				GCC_PRECOMPILE_PREFIX_HEADER = YES;
				GCC_PREFIX_HEADER = "Hammer/Hammer-Prefix.pch";
				HEADER_SEARCH_PATHS = "$(SRCROOT)/**";
				INFOPLIST_FILE = "HammerTests/HammerTests-Info.plist";
				PRODUCT_NAME = "$(TARGET_NAME)";
				WRAPPER_EXTENSION = octest;
			};
			name = Debug;
		};
		D47F930F1597C81A00B61C32 /* Release */ = {
			isa = XCBuildConfiguration;
			buildSettings = {
				FRAMEWORK_SEARCH_PATHS = "$(DEVELOPER_LIBRARY_DIR)/Frameworks";
				GCC_PRECOMPILE_PREFIX_HEADER = YES;
				GCC_PREFIX_HEADER = "Hammer/Hammer-Prefix.pch";
				HEADER_SEARCH_PATHS = "$(SRCROOT)/**";
				INFOPLIST_FILE = "HammerTests/HammerTests-Info.plist";
				PRODUCT_NAME = "$(TARGET_NAME)";
				WRAPPER_EXTENSION = octest;
			};
			name = Release;
		};
/* End XCBuildConfiguration section */

/* Begin XCConfigurationList section */
		D47F92DE1597C81A00B61C32 /* Build configuration list for PBXProject "Hammer" */ = {
			isa = XCConfigurationList;
			buildConfigurations = (
				D47F93081597C81A00B61C32 /* Debug */,
				D47F93091597C81A00B61C32 /* Release */,
			);
			defaultConfigurationIsVisible = 0;
			defaultConfigurationName = Release;
		};
		D47F930A1597C81A00B61C32 /* Build configuration list for PBXNativeTarget "Hammer" */ = {
			isa = XCConfigurationList;
			buildConfigurations = (
				D47F930B1597C81A00B61C32 /* Debug */,
				D47F930C1597C81A00B61C32 /* Release */,
			);
			defaultConfigurationIsVisible = 0;
			defaultConfigurationName = Release;
		};
		D47F930D1597C81A00B61C32 /* Build configuration list for PBXNativeTarget "HammerTests" */ = {
			isa = XCConfigurationList;
			buildConfigurations = (
				D47F930E1597C81A00B61C32 /* Debug */,
				D47F930F1597C81A00B61C32 /* Release */,
			);
			defaultConfigurationIsVisible = 0;
			defaultConfigurationName = Release;
		};
/* End XCConfigurationList section */
	};
	rootObject = D47F92DB1597C81A00B61C32 /* Project object */;
}
